// !$*UTF8*$!
{
	archiveVersion = 1;
	classes = {
	};
	objectVersion = 46;
	objects = {

/* Begin PBXBuildFile section */
		CC4A6CA61A68587200E3D954 /* main.m in Sources */ = {isa = PBXBuildFile; fileRef = CC4A6CA51A68587200E3D954 /* main.m */; };
		CC4A6CA91A68587200E3D954 /* AppDelegate.m in Sources */ = {isa = PBXBuildFile; fileRef = CC4A6CA81A68587200E3D954 /* AppDelegate.m */; };
		CC4A6CAC1A68587200E3D954 /* ViewController.m in Sources */ = {isa = PBXBuildFile; fileRef = CC4A6CAB1A68587200E3D954 /* ViewController.m */; };
		CC4A6CAF1A68587200E3D954 /* Main.storyboard in Resources */ = {isa = PBXBuildFile; fileRef = CC4A6CAD1A68587200E3D954 /* Main.storyboard */; };
		CC4A6CB11A68587200E3D954 /* Images.xcassets in Resources */ = {isa = PBXBuildFile; fileRef = CC4A6CB01A68587200E3D954 /* Images.xcassets */; };
		CC4A6CB41A68587200E3D954 /* LaunchScreen.xib in Resources */ = {isa = PBXBuildFile; fileRef = CC4A6CB21A68587200E3D954 /* LaunchScreen.xib */; };
		CC4A6CC01A68587200E3D954 /* SPENDRTests.m in Sources */ = {isa = PBXBuildFile; fileRef = CC4A6CBF1A68587200E3D954 /* SPENDRTests.m */; };
		CC4A6CCB1A686C4F00E3D954 /* EntryTableViewCell.m in Sources */ = {isa = PBXBuildFile; fileRef = CC4A6CCA1A686C4F00E3D954 /* EntryTableViewCell.m */; };
/* End PBXBuildFile section */

/* Begin PBXContainerItemProxy section */
		CC4A6CBA1A68587200E3D954 /* PBXContainerItemProxy */ = {
			isa = PBXContainerItemProxy;
			containerPortal = CC4A6C981A68587200E3D954 /* Project object */;
			proxyType = 1;
			remoteGlobalIDString = CC4A6C9F1A68587200E3D954;
			remoteInfo = SPENDR;
		};
/* End PBXContainerItemProxy section */

/* Begin PBXFileReference section */
		CC4A6CA01A68587200E3D954 /* SPENDR.app */ = {isa = PBXFileReference; explicitFileType = wrapper.application; includeInIndex = 0; path = SPENDR.app; sourceTree = BUILT_PRODUCTS_DIR; };
		CC4A6CA41A68587200E3D954 /* Info.plist */ = {isa = PBXFileReference; lastKnownFileType = text.plist.xml; path = Info.plist; sourceTree = "<group>"; };
		CC4A6CA51A68587200E3D954 /* main.m */ = {isa = PBXFileReference; lastKnownFileType = sourcecode.c.objc; path = main.m; sourceTree = "<group>"; };
		CC4A6CA71A68587200E3D954 /* AppDelegate.h */ = {isa = PBXFileReference; lastKnownFileType = sourcecode.c.h; path = AppDelegate.h; sourceTree = "<group>"; };
		CC4A6CA81A68587200E3D954 /* AppDelegate.m */ = {isa = PBXFileReference; lastKnownFileType = sourcecode.c.objc; path = AppDelegate.m; sourceTree = "<group>"; };
		CC4A6CAA1A68587200E3D954 /* ViewController.h */ = {isa = PBXFileReference; lastKnownFileType = sourcecode.c.h; path = ViewController.h; sourceTree = "<group>"; };
		CC4A6CAB1A68587200E3D954 /* ViewController.m */ = {isa = PBXFileReference; lastKnownFileType = sourcecode.c.objc; path = ViewController.m; sourceTree = "<group>"; };
		CC4A6CAE1A68587200E3D954 /* Base */ = {isa = PBXFileReference; lastKnownFileType = file.storyboard; name = Base; path = Base.lproj/Main.storyboard; sourceTree = "<group>"; };
		CC4A6CB01A68587200E3D954 /* Images.xcassets */ = {isa = PBXFileReference; lastKnownFileType = folder.assetcatalog; path = Images.xcassets; sourceTree = "<group>"; };
		CC4A6CB31A68587200E3D954 /* Base */ = {isa = PBXFileReference; lastKnownFileType = file.xib; name = Base; path = Base.lproj/LaunchScreen.xib; sourceTree = "<group>"; };
		CC4A6CB91A68587200E3D954 /* SPENDRTests.xctest */ = {isa = PBXFileReference; explicitFileType = wrapper.cfbundle; includeInIndex = 0; path = SPENDRTests.xctest; sourceTree = BUILT_PRODUCTS_DIR; };
		CC4A6CBE1A68587200E3D954 /* Info.plist */ = {isa = PBXFileReference; lastKnownFileType = text.plist.xml; path = Info.plist; sourceTree = "<group>"; };
		CC4A6CBF1A68587200E3D954 /* SPENDRTests.m */ = {isa = PBXFileReference; lastKnownFileType = sourcecode.c.objc; path = SPENDRTests.m; sourceTree = "<group>"; };
		CC4A6CC91A686C4F00E3D954 /* EntryTableViewCell.h */ = {isa = PBXFileReference; fileEncoding = 4; lastKnownFileType = sourcecode.c.h; path = EntryTableViewCell.h; sourceTree = "<group>"; };
		CC4A6CCA1A686C4F00E3D954 /* EntryTableViewCell.m */ = {isa = PBXFileReference; fileEncoding = 4; lastKnownFileType = sourcecode.c.objc; path = EntryTableViewCell.m; sourceTree = "<group>"; };
/* End PBXFileReference section */

/* Begin PBXFrameworksBuildPhase section */
		CC4A6C9D1A68587200E3D954 /* Frameworks */ = {
			isa = PBXFrameworksBuildPhase;
			buildActionMask = 2147483647;
			files = (
			);
			runOnlyForDeploymentPostprocessing = 0;
		};
		CC4A6CB61A68587200E3D954 /* Frameworks */ = {
			isa = PBXFrameworksBuildPhase;
			buildActionMask = 2147483647;
			files = (
			);
			runOnlyForDeploymentPostprocessing = 0;
		};
/* End PBXFrameworksBuildPhase section */

/* Begin PBXGroup section */
		CC4A6C971A68587200E3D954 = {
			isa = PBXGroup;
			children = (
				CC4A6CA21A68587200E3D954 /* SPENDR */,
				CC4A6CBC1A68587200E3D954 /* SPENDRTests */,
				CC4A6CA11A68587200E3D954 /* Products */,
			);
			sourceTree = "<group>";
		};
		CC4A6CA11A68587200E3D954 /* Products */ = {
			isa = PBXGroup;
			children = (
				CC4A6CA01A68587200E3D954 /* SPENDR.app */,
				CC4A6CB91A68587200E3D954 /* SPENDRTests.xctest */,
			);
			name = Products;
			sourceTree = "<group>";
		};
		CC4A6CA21A68587200E3D954 /* SPENDR */ = {
			isa = PBXGroup;
			children = (
				CC4A6CA71A68587200E3D954 /* AppDelegate.h */,
				CC4A6CA81A68587200E3D954 /* AppDelegate.m */,
				CC4A6CAA1A68587200E3D954 /* ViewController.h */,
				CC4A6CAB1A68587200E3D954 /* ViewController.m */,
				CC4A6CC91A686C4F00E3D954 /* EntryTableViewCell.h */,
				CC4A6CCA1A686C4F00E3D954 /* EntryTableViewCell.m */,
				CC4A6CAD1A68587200E3D954 /* Main.storyboard */,
				CC4A6CB01A68587200E3D954 /* Images.xcassets */,
				CC4A6CB21A68587200E3D954 /* LaunchScreen.xib */,
				CC4A6CA31A68587200E3D954 /* Supporting Files */,
			);
			path = SPENDR;
			sourceTree = "<group>";
		};
		CC4A6CA31A68587200E3D954 /* Supporting Files */ = {
			isa = PBXGroup;
			children = (
				CC4A6CA41A68587200E3D954 /* Info.plist */,
				CC4A6CA51A68587200E3D954 /* main.m */,
			);
			name = "Supporting Files";
			sourceTree = "<group>";
		};
		CC4A6CBC1A68587200E3D954 /* SPENDRTests */ = {
			isa = PBXGroup;
			children = (
				CC4A6CBF1A68587200E3D954 /* SPENDRTests.m */,
				CC4A6CBD1A68587200E3D954 /* Supporting Files */,
			);
			path = SPENDRTests;
			sourceTree = "<group>";
		};
		CC4A6CBD1A68587200E3D954 /* Supporting Files */ = {
			isa = PBXGroup;
			children = (
				CC4A6CBE1A68587200E3D954 /* Info.plist */,
			);
			name = "Supporting Files";
			sourceTree = "<group>";
		};
/* End PBXGroup section */

/* Begin PBXNativeTarget section */
		CC4A6C9F1A68587200E3D954 /* SPENDR */ = {
			isa = PBXNativeTarget;
			buildConfigurationList = CC4A6CC31A68587200E3D954 /* Build configuration list for PBXNativeTarget "SPENDR" */;
			buildPhases = (
				CC4A6C9C1A68587200E3D954 /* Sources */,
				CC4A6C9D1A68587200E3D954 /* Frameworks */,
				CC4A6C9E1A68587200E3D954 /* Resources */,
			);
			buildRules = (
			);
			dependencies = (
			);
			name = SPENDR;
			productName = SPENDR;
			productReference = CC4A6CA01A68587200E3D954 /* SPENDR.app */;
			productType = "com.apple.product-type.application";
		};
		CC4A6CB81A68587200E3D954 /* SPENDRTests */ = {
			isa = PBXNativeTarget;
			buildConfigurationList = CC4A6CC61A68587200E3D954 /* Build configuration list for PBXNativeTarget "SPENDRTests" */;
			buildPhases = (
				CC4A6CB51A68587200E3D954 /* Sources */,
				CC4A6CB61A68587200E3D954 /* Frameworks */,
				CC4A6CB71A68587200E3D954 /* Resources */,
			);
			buildRules = (
			);
			dependencies = (
				CC4A6CBB1A68587200E3D954 /* PBXTargetDependency */,
			);
			name = SPENDRTests;
			productName = SPENDRTests;
			productReference = CC4A6CB91A68587200E3D954 /* SPENDRTests.xctest */;
			productType = "com.apple.product-type.bundle.unit-test";
		};
/* End PBXNativeTarget section */

/* Begin PBXProject section */
		CC4A6C981A68587200E3D954 /* Project object */ = {
			isa = PBXProject;
			attributes = {
				LastUpgradeCheck = 0600;
				ORGANIZATIONNAME = OliRodd;
				TargetAttributes = {
					CC4A6C9F1A68587200E3D954 = {
						CreatedOnToolsVersion = 6.0.1;
					};
					CC4A6CB81A68587200E3D954 = {
						CreatedOnToolsVersion = 6.0.1;
						TestTargetID = CC4A6C9F1A68587200E3D954;
					};
				};
			};
			buildConfigurationList = CC4A6C9B1A68587200E3D954 /* Build configuration list for PBXProject "SPENDR" */;
			compatibilityVersion = "Xcode 3.2";
			developmentRegion = English;
			hasScannedForEncodings = 0;
			knownRegions = (
				en,
				Base,
			);
			mainGroup = CC4A6C971A68587200E3D954;
			productRefGroup = CC4A6CA11A68587200E3D954 /* Products */;
			projectDirPath = "";
			projectRoot = "";
			targets = (
				CC4A6C9F1A68587200E3D954 /* SPENDR */,
				CC4A6CB81A68587200E3D954 /* SPENDRTests */,
			);
		};
/* End PBXProject section */

/* Begin PBXResourcesBuildPhase section */
		CC4A6C9E1A68587200E3D954 /* Resources */ = {
			isa = PBXResourcesBuildPhase;
			buildActionMask = 2147483647;
			files = (
				CC4A6CAF1A68587200E3D954 /* Main.storyboard in Resources */,
				CC4A6CB41A68587200E3D954 /* LaunchScreen.xib in Resources */,
				CC4A6CB11A68587200E3D954 /* Images.xcassets in Resources */,
			);
			runOnlyForDeploymentPostprocessing = 0;
		};
		CC4A6CB71A68587200E3D954 /* Resources */ = {
			isa = PBXResourcesBuildPhase;
			buildActionMask = 2147483647;
			files = (
			);
			runOnlyForDeploymentPostprocessing = 0;
		};
/* End PBXResourcesBuildPhase section */

/* Begin PBXSourcesBuildPhase section */
		CC4A6C9C1A68587200E3D954 /* Sources */ = {
			isa = PBXSourcesBuildPhase;
			buildActionMask = 2147483647;
			files = (
				CC4A6CCB1A686C4F00E3D954 /* EntryTableViewCell.m in Sources */,
				CC4A6CAC1A68587200E3D954 /* ViewController.m in Sources */,
				CC4A6CA91A68587200E3D954 /* AppDelegate.m in Sources */,
				CC4A6CA61A68587200E3D954 /* main.m in Sources */,
			);
			runOnlyForDeploymentPostprocessing = 0;
		};
		CC4A6CB51A68587200E3D954 /* Sources */ = {
			isa = PBXSourcesBuildPhase;
			buildActionMask = 2147483647;
			files = (
				CC4A6CC01A68587200E3D954 /* SPENDRTests.m in Sources */,
			);
			runOnlyForDeploymentPostprocessing = 0;
		};
/* End PBXSourcesBuildPhase section */

/* Begin PBXTargetDependency section */
		CC4A6CBB1A68587200E3D954 /* PBXTargetDependency */ = {
			isa = PBXTargetDependency;
			target = CC4A6C9F1A68587200E3D954 /* SPENDR */;
			targetProxy = CC4A6CBA1A68587200E3D954 /* PBXContainerItemProxy */;
		};
/* End PBXTargetDependency section */

/* Begin PBXVariantGroup section */
		CC4A6CAD1A68587200E3D954 /* Main.storyboard */ = {
			isa = PBXVariantGroup;
			children = (
				CC4A6CAE1A68587200E3D954 /* Base */,
			);
			name = Main.storyboard;
			sourceTree = "<group>";
		};
		CC4A6CB21A68587200E3D954 /* LaunchScreen.xib */ = {
			isa = PBXVariantGroup;
			children = (
				CC4A6CB31A68587200E3D954 /* Base */,
			);
			name = LaunchScreen.xib;
			sourceTree = "<group>";
		};
/* End PBXVariantGroup section */

/* Begin XCBuildConfiguration section */
		CC4A6CC11A68587200E3D954 /* Debug */ = {
			isa = XCBuildConfiguration;
			buildSettings = {
				ALWAYS_SEARCH_USER_PATHS = NO;
				CLANG_CXX_LANGUAGE_STANDARD = "gnu++0x";
				CLANG_CXX_LIBRARY = "libc++";
				CLANG_ENABLE_MODULES = YES;
				CLANG_ENABLE_OBJC_ARC = YES;
				CLANG_WARN_BOOL_CONVERSION = YES;
				CLANG_WARN_CONSTANT_CONVERSION = YES;
				CLANG_WARN_DIRECT_OBJC_ISA_USAGE = YES_ERROR;
				CLANG_WARN_EMPTY_BODY = YES;
				CLANG_WARN_ENUM_CONVERSION = YES;
				CLANG_WARN_INT_CONVERSION = YES;
				CLANG_WARN_OBJC_ROOT_CLASS = YES_ERROR;
				CLANG_WARN_UNREACHABLE_CODE = YES;
				CLANG_WARN__DUPLICATE_METHOD_MATCH = YES;
				"CODE_SIGN_IDENTITY[sdk=iphoneos*]" = "iPhone Developer";
				COPY_PHASE_STRIP = NO;
				ENABLE_STRICT_OBJC_MSGSEND = YES;
				GCC_C_LANGUAGE_STANDARD = gnu99;
				GCC_DYNAMIC_NO_PIC = NO;
				GCC_OPTIMIZATION_LEVEL = 0;
				GCC_PREPROCESSOR_DEFINITIONS = (
					"DEBUG=1",
					"$(inherited)",
				);
				GCC_SYMBOLS_PRIVATE_EXTERN = NO;
				GCC_WARN_64_TO_32_BIT_CONVERSION = YES;
				GCC_WARN_ABOUT_RETURN_TYPE = YES_ERROR;
				GCC_WARN_UNDECLARED_SELECTOR = YES;
				GCC_WARN_UNINITIALIZED_AUTOS = YES_AGGRESSIVE;
				GCC_WARN_UNUSED_FUNCTION = YES;
				GCC_WARN_UNUSED_VARIABLE = YES;
				IPHONEOS_DEPLOYMENT_TARGET = 8.0;
				MTL_ENABLE_DEBUG_INFO = YES;
				ONLY_ACTIVE_ARCH = YES;
				SDKROOT = iphoneos;
				TARGETED_DEVICE_FAMILY = "1,2";
			};
			name = Debug;
		};
		CC4A6CC21A68587200E3D954 /* Release */ = {
			isa = XCBuildConfiguration;
			buildSettings = {
				ALWAYS_SEARCH_USER_PATHS = NO;
				CLANG_CXX_LANGUAGE_STANDARD = "gnu++0x";
				CLANG_CXX_LIBRARY = "libc++";
				CLANG_ENABLE_MODULES = YES;
				CLANG_ENABLE_OBJC_ARC = YES;
				CLANG_WARN_BOOL_CONVERSION = YES;
				CLANG_WARN_CONSTANT_CONVERSION = YES;
				CLANG_WARN_DIRECT_OBJC_ISA_USAGE = YES_ERROR;
				CLANG_WARN_EMPTY_BODY = YES;
				CLANG_WARN_ENUM_CONVERSION = YES;
				CLANG_WARN_INT_CONVERSION = YES;
				CLANG_WARN_OBJC_ROOT_CLASS = YES_ERROR;
				CLANG_WARN_UNREACHABLE_CODE = YES;
				CLANG_WARN__DUPLICATE_METHOD_MATCH = YES;
				"CODE_SIGN_IDENTITY[sdk=iphoneos*]" = "iPhone Developer";
				COPY_PHASE_STRIP = YES;
				ENABLE_NS_ASSERTIONS = NO;
				ENABLE_STRICT_OBJC_MSGSEND = YES;
				GCC_C_LANGUAGE_STANDARD = gnu99;
				GCC_WARN_64_TO_32_BIT_CONVERSION = YES;
				GCC_WARN_ABOUT_RETURN_TYPE = YES_ERROR;
				GCC_WARN_UNDECLARED_SELECTOR = YES;
				GCC_WARN_UNINITIALIZED_AUTOS = YES_AGGRESSIVE;
				GCC_WARN_UNUSED_FUNCTION = YES;
				GCC_WARN_UNUSED_VARIABLE = YES;
				IPHONEOS_DEPLOYMENT_TARGET = 8.0;
				MTL_ENABLE_DEBUG_INFO = NO;
				SDKROOT = iphoneos;
				TARGETED_DEVICE_FAMILY = "1,2";
				VALIDATE_PRODUCT = YES;
			};
			name = Release;
		};
		CC4A6CC41A68587200E3D954 /* Debug */ = {
			isa = XCBuildConfiguration;
			buildSettings = {
				ASSETCATALOG_COMPILER_APPICON_NAME = AppIcon;
				INFOPLIST_FILE = SPENDR/Info.plist;
				LD_RUNPATH_SEARCH_PATHS = "$(inherited) @executable_path/Frameworks";
				PRODUCT_NAME = "$(TARGET_NAME)";
			};
			name = Debug;
		};
		CC4A6CC51A68587200E3D954 /* Release */ = {
			isa = XCBuildConfiguration;
			buildSettings = {
				ASSETCATALOG_COMPILER_APPICON_NAME = AppIcon;
				INFOPLIST_FILE = SPENDR/Info.plist;
				LD_RUNPATH_SEARCH_PATHS = "$(inherited) @executable_path/Frameworks";
				PRODUCT_NAME = "$(TARGET_NAME)";
			};
			name = Release;
		};
		CC4A6CC71A68587200E3D954 /* Debug */ = {
			isa = XCBuildConfiguration;
			buildSettings = {
				BUNDLE_LOADER = "$(TEST_HOST)";
				FRAMEWORK_SEARCH_PATHS = (
					"$(SDKROOT)/Developer/Library/Frameworks",
					"$(inherited)",
				);
				GCC_PREPROCESSOR_DEFINITIONS = (
					"DEBUG=1",
					"$(inherited)",
				);
				INFOPLIST_FILE = SPENDRTests/Info.plist;
				LD_RUNPATH_SEARCH_PATHS = "$(inherited) @executable_path/Frameworks @loader_path/Frameworks";
				PRODUCT_NAME = "$(TARGET_NAME)";
				TEST_HOST = "$(BUILT_PRODUCTS_DIR)/SPENDR.app/SPENDR";
			};
			name = Debug;
		};
		CC4A6CC81A68587200E3D954 /* Release */ = {
			isa = XCBuildConfiguration;
			buildSettings = {
				BUNDLE_LOADER = "$(TEST_HOST)";
				FRAMEWORK_SEARCH_PATHS = (
					"$(SDKROOT)/Developer/Library/Frameworks",
					"$(inherited)",
				);
				INFOPLIST_FILE = SPENDRTests/Info.plist;
				LD_RUNPATH_SEARCH_PATHS = "$(inherited) @executable_path/Frameworks @loader_path/Frameworks";
				PRODUCT_NAME = "$(TARGET_NAME)";
				TEST_HOST = "$(BUILT_PRODUCTS_DIR)/SPENDR.app/SPENDR";
			};
			name = Release;
		};
/* End XCBuildConfiguration section */

/* Begin XCConfigurationList section */
		CC4A6C9B1A68587200E3D954 /* Build configuration list for PBXProject "SPENDR" */ = {
			isa = XCConfigurationList;
			buildConfigurations = (
				CC4A6CC11A68587200E3D954 /* Debug */,
				CC4A6CC21A68587200E3D954 /* Release */,
			);
			defaultConfigurationIsVisible = 0;
			defaultConfigurationName = Release;
		};
		CC4A6CC31A68587200E3D954 /* Build configuration list for PBXNativeTarget "SPENDR" */ = {
			isa = XCConfigurationList;
			buildConfigurations = (
				CC4A6CC41A68587200E3D954 /* Debug */,
				CC4A6CC51A68587200E3D954 /* Release */,
			);
			defaultConfigurationIsVisible = 0;
		};
		CC4A6CC61A68587200E3D954 /* Build configuration list for PBXNativeTarget "SPENDRTests" */ = {
			isa = XCConfigurationList;
			buildConfigurations = (
				CC4A6CC71A68587200E3D954 /* Debug */,
				CC4A6CC81A68587200E3D954 /* Release */,
			);
			defaultConfigurationIsVisible = 0;
		};
/* End XCConfigurationList section */
	};
	rootObject = CC4A6C981A68587200E3D954 /* Project object */;
}
