// !$*UTF8*$!
{
	archiveVersion = 1;
	classes = {
	};
	objectVersion = 46;
	objects = {

/* Begin PBXBuildFile section */
		6638864E1A63CBEB009029E9 /* main.m in Sources */ = {isa = PBXBuildFile; fileRef = 6638864D1A63CBEB009029E9 /* main.m */; };
		663886511A63CBEB009029E9 /* AppDelegate.m in Sources */ = {isa = PBXBuildFile; fileRef = 663886501A63CBEB009029E9 /* AppDelegate.m */; };
		663886541A63CBEB009029E9 /* SPENDR.xcdatamodeld in Sources */ = {isa = PBXBuildFile; fileRef = 663886521A63CBEB009029E9 /* SPENDR.xcdatamodeld */; };
		663886571A63CBEB009029E9 /* OverviewViewController.m in Sources */ = {isa = PBXBuildFile; fileRef = 663886561A63CBEB009029E9 /* OverviewViewController.m */; };
		6638865A1A63CBEB009029E9 /* Main.storyboard in Resources */ = {isa = PBXBuildFile; fileRef = 663886581A63CBEB009029E9 /* Main.storyboard */; };
		6638865C1A63CBEB009029E9 /* Images.xcassets in Resources */ = {isa = PBXBuildFile; fileRef = 6638865B1A63CBEB009029E9 /* Images.xcassets */; };
		6638865F1A63CBEB009029E9 /* LaunchScreen.xib in Resources */ = {isa = PBXBuildFile; fileRef = 6638865D1A63CBEB009029E9 /* LaunchScreen.xib */; };
		6638866B1A63CBEB009029E9 /* SPENDRTests.m in Sources */ = {isa = PBXBuildFile; fileRef = 6638866A1A63CBEB009029E9 /* SPENDRTests.m */; };
/* End PBXBuildFile section */

/* Begin PBXContainerItemProxy section */
		663886651A63CBEB009029E9 /* PBXContainerItemProxy */ = {
			isa = PBXContainerItemProxy;
			containerPortal = 663886401A63CBEB009029E9 /* Project object */;
			proxyType = 1;
			remoteGlobalIDString = 663886471A63CBEB009029E9;
			remoteInfo = SPENDR;
		};
/* End PBXContainerItemProxy section */

/* Begin PBXFileReference section */
		663886481A63CBEB009029E9 /* SPENDR.app */ = {isa = PBXFileReference; explicitFileType = wrapper.application; includeInIndex = 0; path = SPENDR.app; sourceTree = BUILT_PRODUCTS_DIR; };
		6638864C1A63CBEB009029E9 /* Info.plist */ = {isa = PBXFileReference; lastKnownFileType = text.plist.xml; path = Info.plist; sourceTree = "<group>"; };
		6638864D1A63CBEB009029E9 /* main.m */ = {isa = PBXFileReference; lastKnownFileType = sourcecode.c.objc; path = main.m; sourceTree = "<group>"; };
		6638864F1A63CBEB009029E9 /* AppDelegate.h */ = {isa = PBXFileReference; lastKnownFileType = sourcecode.c.h; path = AppDelegate.h; sourceTree = "<group>"; };
		663886501A63CBEB009029E9 /* AppDelegate.m */ = {isa = PBXFileReference; lastKnownFileType = sourcecode.c.objc; path = AppDelegate.m; sourceTree = "<group>"; };
		663886531A63CBEB009029E9 /* SPENDR.xcdatamodel */ = {isa = PBXFileReference; lastKnownFileType = wrapper.xcdatamodel; path = SPENDR.xcdatamodel; sourceTree = "<group>"; };
		663886551A63CBEB009029E9 /* OverviewViewController.h */ = {isa = PBXFileReference; lastKnownFileType = sourcecode.c.h; path = OverviewViewController.h; sourceTree = "<group>"; };
		663886561A63CBEB009029E9 /* OverviewViewController.m */ = {isa = PBXFileReference; lastKnownFileType = sourcecode.c.objc; path = OverviewViewController.m; sourceTree = "<group>"; };
		663886591A63CBEB009029E9 /* Base */ = {isa = PBXFileReference; lastKnownFileType = file.storyboard; name = Base; path = Base.lproj/Main.storyboard; sourceTree = "<group>"; };
		6638865B1A63CBEB009029E9 /* Images.xcassets */ = {isa = PBXFileReference; lastKnownFileType = folder.assetcatalog; path = Images.xcassets; sourceTree = "<group>"; };
		6638865E1A63CBEB009029E9 /* Base */ = {isa = PBXFileReference; lastKnownFileType = file.xib; name = Base; path = Base.lproj/LaunchScreen.xib; sourceTree = "<group>"; };
		663886641A63CBEB009029E9 /* SPENDRTests.xctest */ = {isa = PBXFileReference; explicitFileType = wrapper.cfbundle; includeInIndex = 0; path = SPENDRTests.xctest; sourceTree = BUILT_PRODUCTS_DIR; };
		663886691A63CBEB009029E9 /* Info.plist */ = {isa = PBXFileReference; lastKnownFileType = text.plist.xml; path = Info.plist; sourceTree = "<group>"; };
		6638866A1A63CBEB009029E9 /* SPENDRTests.m */ = {isa = PBXFileReference; lastKnownFileType = sourcecode.c.objc; path = SPENDRTests.m; sourceTree = "<group>"; };
/* End PBXFileReference section */

/* Begin PBXFrameworksBuildPhase section */
		663886451A63CBEB009029E9 /* Frameworks */ = {
			isa = PBXFrameworksBuildPhase;
			buildActionMask = 2147483647;
			files = (
			);
			runOnlyForDeploymentPostprocessing = 0;
		};
		663886611A63CBEB009029E9 /* Frameworks */ = {
			isa = PBXFrameworksBuildPhase;
			buildActionMask = 2147483647;
			files = (
			);
			runOnlyForDeploymentPostprocessing = 0;
		};
/* End PBXFrameworksBuildPhase section */

/* Begin PBXGroup section */
		6638863F1A63CBEB009029E9 = {
			isa = PBXGroup;
			children = (
				6638864A1A63CBEB009029E9 /* SPENDR */,
				663886671A63CBEB009029E9 /* SPENDRTests */,
				663886491A63CBEB009029E9 /* Products */,
			);
			sourceTree = "<group>";
		};
		663886491A63CBEB009029E9 /* Products */ = {
			isa = PBXGroup;
			children = (
				663886481A63CBEB009029E9 /* SPENDR.app */,
				663886641A63CBEB009029E9 /* SPENDRTests.xctest */,
			);
			name = Products;
			sourceTree = "<group>";
		};
		6638864A1A63CBEB009029E9 /* SPENDR */ = {
			isa = PBXGroup;
			children = (
				6638864F1A63CBEB009029E9 /* AppDelegate.h */,
				663886501A63CBEB009029E9 /* AppDelegate.m */,
				663886551A63CBEB009029E9 /* OverviewViewController.h */,
				663886561A63CBEB009029E9 /* OverviewViewController.m */,
				663886581A63CBEB009029E9 /* Main.storyboard */,
				6638865B1A63CBEB009029E9 /* Images.xcassets */,
				6638865D1A63CBEB009029E9 /* LaunchScreen.xib */,
				663886521A63CBEB009029E9 /* SPENDR.xcdatamodeld */,
				6638864B1A63CBEB009029E9 /* Supporting Files */,
			);
			path = SPENDR;
			sourceTree = "<group>";
		};
		6638864B1A63CBEB009029E9 /* Supporting Files */ = {
			isa = PBXGroup;
			children = (
				6638864C1A63CBEB009029E9 /* Info.plist */,
				6638864D1A63CBEB009029E9 /* main.m */,
			);
			name = "Supporting Files";
			sourceTree = "<group>";
		};
		663886671A63CBEB009029E9 /* SPENDRTests */ = {
			isa = PBXGroup;
			children = (
				6638866A1A63CBEB009029E9 /* SPENDRTests.m */,
				663886681A63CBEB009029E9 /* Supporting Files */,
			);
			path = SPENDRTests;
			sourceTree = "<group>";
		};
		663886681A63CBEB009029E9 /* Supporting Files */ = {
			isa = PBXGroup;
			children = (
				663886691A63CBEB009029E9 /* Info.plist */,
			);
			name = "Supporting Files";
			sourceTree = "<group>";
		};
/* End PBXGroup section */

/* Begin PBXNativeTarget section */
		663886471A63CBEB009029E9 /* SPENDR */ = {
			isa = PBXNativeTarget;
			buildConfigurationList = 6638866E1A63CBEB009029E9 /* Build configuration list for PBXNativeTarget "SPENDR" */;
			buildPhases = (
				663886441A63CBEB009029E9 /* Sources */,
				663886451A63CBEB009029E9 /* Frameworks */,
				663886461A63CBEB009029E9 /* Resources */,
			);
			buildRules = (
			);
			dependencies = (
			);
			name = SPENDR;
			productName = SPENDR;
			productReference = 663886481A63CBEB009029E9 /* SPENDR.app */;
			productType = "com.apple.product-type.application";
		};
		663886631A63CBEB009029E9 /* SPENDRTests */ = {
			isa = PBXNativeTarget;
			buildConfigurationList = 663886711A63CBEB009029E9 /* Build configuration list for PBXNativeTarget "SPENDRTests" */;
			buildPhases = (
				663886601A63CBEB009029E9 /* Sources */,
				663886611A63CBEB009029E9 /* Frameworks */,
				663886621A63CBEB009029E9 /* Resources */,
			);
			buildRules = (
			);
			dependencies = (
				663886661A63CBEB009029E9 /* PBXTargetDependency */,
			);
			name = SPENDRTests;
			productName = SPENDRTests;
			productReference = 663886641A63CBEB009029E9 /* SPENDRTests.xctest */;
			productType = "com.apple.product-type.bundle.unit-test";
		};
/* End PBXNativeTarget section */

/* Begin PBXProject section */
		663886401A63CBEB009029E9 /* Project object */ = {
			isa = PBXProject;
			attributes = {
				LastUpgradeCheck = 0610;
				ORGANIZATIONNAME = "Oliver Rodden";
				TargetAttributes = {
					663886471A63CBEB009029E9 = {
						CreatedOnToolsVersion = 6.1.1;
					};
					663886631A63CBEB009029E9 = {
						CreatedOnToolsVersion = 6.1.1;
						TestTargetID = 663886471A63CBEB009029E9;
					};
				};
			};
			buildConfigurationList = 663886431A63CBEB009029E9 /* Build configuration list for PBXProject "SPENDR" */;
			compatibilityVersion = "Xcode 3.2";
			developmentRegion = English;
			hasScannedForEncodings = 0;
			knownRegions = (
				en,
				Base,
			);
			mainGroup = 6638863F1A63CBEB009029E9;
			productRefGroup = 663886491A63CBEB009029E9 /* Products */;
			projectDirPath = "";
			projectRoot = "";
			targets = (
				663886471A63CBEB009029E9 /* SPENDR */,
				663886631A63CBEB009029E9 /* SPENDRTests */,
			);
		};
/* End PBXProject section */

/* Begin PBXResourcesBuildPhase section */
		663886461A63CBEB009029E9 /* Resources */ = {
			isa = PBXResourcesBuildPhase;
			buildActionMask = 2147483647;
			files = (
				6638865A1A63CBEB009029E9 /* Main.storyboard in Resources */,
				6638865F1A63CBEB009029E9 /* LaunchScreen.xib in Resources */,
				6638865C1A63CBEB009029E9 /* Images.xcassets in Resources */,
			);
			runOnlyForDeploymentPostprocessing = 0;
		};
		663886621A63CBEB009029E9 /* Resources */ = {
			isa = PBXResourcesBuildPhase;
			buildActionMask = 2147483647;
			files = (
			);
			runOnlyForDeploymentPostprocessing = 0;
		};
/* End PBXResourcesBuildPhase section */

/* Begin PBXSourcesBuildPhase section */
		663886441A63CBEB009029E9 /* Sources */ = {
			isa = PBXSourcesBuildPhase;
			buildActionMask = 2147483647;
			files = (
				663886511A63CBEB009029E9 /* AppDelegate.m in Sources */,
				663886541A63CBEB009029E9 /* SPENDR.xcdatamodeld in Sources */,
				663886571A63CBEB009029E9 /* OverviewViewController.m in Sources */,
				6638864E1A63CBEB009029E9 /* main.m in Sources */,
			);
			runOnlyForDeploymentPostprocessing = 0;
		};
		663886601A63CBEB009029E9 /* Sources */ = {
			isa = PBXSourcesBuildPhase;
			buildActionMask = 2147483647;
			files = (
				6638866B1A63CBEB009029E9 /* SPENDRTests.m in Sources */,
			);
			runOnlyForDeploymentPostprocessing = 0;
		};
/* End PBXSourcesBuildPhase section */

/* Begin PBXTargetDependency section */
		663886661A63CBEB009029E9 /* PBXTargetDependency */ = {
			isa = PBXTargetDependency;
			target = 663886471A63CBEB009029E9 /* SPENDR */;
			targetProxy = 663886651A63CBEB009029E9 /* PBXContainerItemProxy */;
		};
/* End PBXTargetDependency section */

/* Begin PBXVariantGroup section */
		663886581A63CBEB009029E9 /* Main.storyboard */ = {
			isa = PBXVariantGroup;
			children = (
				663886591A63CBEB009029E9 /* Base */,
			);
			name = Main.storyboard;
			sourceTree = "<group>";
		};
		6638865D1A63CBEB009029E9 /* LaunchScreen.xib */ = {
			isa = PBXVariantGroup;
			children = (
				6638865E1A63CBEB009029E9 /* Base */,
			);
			name = LaunchScreen.xib;
			sourceTree = "<group>";
		};
/* End PBXVariantGroup section */

/* Begin XCBuildConfiguration section */
		6638866C1A63CBEB009029E9 /* Debug */ = {
			isa = XCBuildConfiguration;
			buildSettings = {
				ALWAYS_SEARCH_USER_PATHS = NO;
				CLANG_CXX_LANGUAGE_STANDARD = "gnu++0x";
				CLANG_CXX_LIBRARY = "libc++";
				CLANG_ENABLE_MODULES = YES;
				CLANG_ENABLE_OBJC_ARC = YES;
				CLANG_WARN_BOOL_CONVERSION = YES;
				CLANG_WARN_CONSTANT_CONVERSION = YES;
				CLANG_WARN_DIRECT_OBJC_ISA_USAGE = YES_ERROR;
				CLANG_WARN_EMPTY_BODY = YES;
				CLANG_WARN_ENUM_CONVERSION = YES;
				CLANG_WARN_INT_CONVERSION = YES;
				CLANG_WARN_OBJC_ROOT_CLASS = YES_ERROR;
				CLANG_WARN_UNREACHABLE_CODE = YES;
				CLANG_WARN__DUPLICATE_METHOD_MATCH = YES;
				"CODE_SIGN_IDENTITY[sdk=iphoneos*]" = "iPhone Developer";
				COPY_PHASE_STRIP = NO;
				ENABLE_STRICT_OBJC_MSGSEND = YES;
				GCC_C_LANGUAGE_STANDARD = gnu99;
				GCC_DYNAMIC_NO_PIC = NO;
				GCC_OPTIMIZATION_LEVEL = 0;
				GCC_PREPROCESSOR_DEFINITIONS = (
					"DEBUG=1",
					"$(inherited)",
				);
				GCC_SYMBOLS_PRIVATE_EXTERN = NO;
				GCC_WARN_64_TO_32_BIT_CONVERSION = YES;
				GCC_WARN_ABOUT_RETURN_TYPE = YES_ERROR;
				GCC_WARN_UNDECLARED_SELECTOR = YES;
				GCC_WARN_UNINITIALIZED_AUTOS = YES_AGGRESSIVE;
				GCC_WARN_UNUSED_FUNCTION = YES;
				GCC_WARN_UNUSED_VARIABLE = YES;
				IPHONEOS_DEPLOYMENT_TARGET = 8.1;
				MTL_ENABLE_DEBUG_INFO = YES;
				ONLY_ACTIVE_ARCH = YES;
				SDKROOT = iphoneos;
				TARGETED_DEVICE_FAMILY = "1,2";
			};
			name = Debug;
		};
		6638866D1A63CBEB009029E9 /* Release */ = {
			isa = XCBuildConfiguration;
			buildSettings = {
				ALWAYS_SEARCH_USER_PATHS = NO;
				CLANG_CXX_LANGUAGE_STANDARD = "gnu++0x";
				CLANG_CXX_LIBRARY = "libc++";
				CLANG_ENABLE_MODULES = YES;
				CLANG_ENABLE_OBJC_ARC = YES;
				CLANG_WARN_BOOL_CONVERSION = YES;
				CLANG_WARN_CONSTANT_CONVERSION = YES;
				CLANG_WARN_DIRECT_OBJC_ISA_USAGE = YES_ERROR;
				CLANG_WARN_EMPTY_BODY = YES;
				CLANG_WARN_ENUM_CONVERSION = YES;
				CLANG_WARN_INT_CONVERSION = YES;
				CLANG_WARN_OBJC_ROOT_CLASS = YES_ERROR;
				CLANG_WARN_UNREACHABLE_CODE = YES;
				CLANG_WARN__DUPLICATE_METHOD_MATCH = YES;
				"CODE_SIGN_IDENTITY[sdk=iphoneos*]" = "iPhone Developer";
				COPY_PHASE_STRIP = YES;
				ENABLE_NS_ASSERTIONS = NO;
				ENABLE_STRICT_OBJC_MSGSEND = YES;
				GCC_C_LANGUAGE_STANDARD = gnu99;
				GCC_WARN_64_TO_32_BIT_CONVERSION = YES;
				GCC_WARN_ABOUT_RETURN_TYPE = YES_ERROR;
				GCC_WARN_UNDECLARED_SELECTOR = YES;
				GCC_WARN_UNINITIALIZED_AUTOS = YES_AGGRESSIVE;
				GCC_WARN_UNUSED_FUNCTION = YES;
				GCC_WARN_UNUSED_VARIABLE = YES;
				IPHONEOS_DEPLOYMENT_TARGET = 8.1;
				MTL_ENABLE_DEBUG_INFO = NO;
				SDKROOT = iphoneos;
				TARGETED_DEVICE_FAMILY = "1,2";
				VALIDATE_PRODUCT = YES;
			};
			name = Release;
		};
		6638866F1A63CBEB009029E9 /* Debug */ = {
			isa = XCBuildConfiguration;
			buildSettings = {
				ASSETCATALOG_COMPILER_APPICON_NAME = AppIcon;
				INFOPLIST_FILE = SPENDR/Info.plist;
				LD_RUNPATH_SEARCH_PATHS = "$(inherited) @executable_path/Frameworks";
				PRODUCT_NAME = "$(TARGET_NAME)";
			};
			name = Debug;
		};
		663886701A63CBEB009029E9 /* Release */ = {
			isa = XCBuildConfiguration;
			buildSettings = {
				ASSETCATALOG_COMPILER_APPICON_NAME = AppIcon;
				INFOPLIST_FILE = SPENDR/Info.plist;
				LD_RUNPATH_SEARCH_PATHS = "$(inherited) @executable_path/Frameworks";
				PRODUCT_NAME = "$(TARGET_NAME)";
			};
			name = Release;
		};
		663886721A63CBEB009029E9 /* Debug */ = {
			isa = XCBuildConfiguration;
			buildSettings = {
				BUNDLE_LOADER = "$(TEST_HOST)";
				FRAMEWORK_SEARCH_PATHS = (
					"$(SDKROOT)/Developer/Library/Frameworks",
					"$(inherited)",
				);
				GCC_PREPROCESSOR_DEFINITIONS = (
					"DEBUG=1",
					"$(inherited)",
				);
				INFOPLIST_FILE = SPENDRTests/Info.plist;
				LD_RUNPATH_SEARCH_PATHS = "$(inherited) @executable_path/Frameworks @loader_path/Frameworks";
				PRODUCT_NAME = "$(TARGET_NAME)";
				TEST_HOST = "$(BUILT_PRODUCTS_DIR)/SPENDR.app/SPENDR";
			};
			name = Debug;
		};
		663886731A63CBEB009029E9 /* Release */ = {
			isa = XCBuildConfiguration;
			buildSettings = {
				BUNDLE_LOADER = "$(TEST_HOST)";
				FRAMEWORK_SEARCH_PATHS = (
					"$(SDKROOT)/Developer/Library/Frameworks",
					"$(inherited)",
				);
				INFOPLIST_FILE = SPENDRTests/Info.plist;
				LD_RUNPATH_SEARCH_PATHS = "$(inherited) @executable_path/Frameworks @loader_path/Frameworks";
				PRODUCT_NAME = "$(TARGET_NAME)";
				TEST_HOST = "$(BUILT_PRODUCTS_DIR)/SPENDR.app/SPENDR";
			};
			name = Release;
		};
/* End XCBuildConfiguration section */

/* Begin XCConfigurationList section */
		663886431A63CBEB009029E9 /* Build configuration list for PBXProject "SPENDR" */ = {
			isa = XCConfigurationList;
			buildConfigurations = (
				6638866C1A63CBEB009029E9 /* Debug */,
				6638866D1A63CBEB009029E9 /* Release */,
			);
			defaultConfigurationIsVisible = 0;
			defaultConfigurationName = Release;
		};
		6638866E1A63CBEB009029E9 /* Build configuration list for PBXNativeTarget "SPENDR" */ = {
			isa = XCConfigurationList;
			buildConfigurations = (
				6638866F1A63CBEB009029E9 /* Debug */,
				663886701A63CBEB009029E9 /* Release */,
			);
			defaultConfigurationIsVisible = 0;
		};
		663886711A63CBEB009029E9 /* Build configuration list for PBXNativeTarget "SPENDRTests" */ = {
			isa = XCConfigurationList;
			buildConfigurations = (
				663886721A63CBEB009029E9 /* Debug */,
				663886731A63CBEB009029E9 /* Release */,
			);
			defaultConfigurationIsVisible = 0;
		};
/* End XCConfigurationList section */

/* Begin XCVersionGroup section */
		663886521A63CBEB009029E9 /* SPENDR.xcdatamodeld */ = {
			isa = XCVersionGroup;
			children = (
				663886531A63CBEB009029E9 /* SPENDR.xcdatamodel */,
			);
			currentVersion = 663886531A63CBEB009029E9 /* SPENDR.xcdatamodel */;
			path = SPENDR.xcdatamodeld;
			sourceTree = "<group>";
			versionGroupType = wrapper.xcdatamodel;
		};
/* End XCVersionGroup section */
	};
	rootObject = 663886401A63CBEB009029E9 /* Project object */;
}
