// !$*UTF8*$!
{
	archiveVersion = 1;
	classes = {
	};
	objectVersion = 46;
	objects = {

/* Begin PBXBuildFile section */
		4F1EF2FF19AFAE9C00D318AC /* Foundation.framework in Frameworks */ = {isa = PBXBuildFile; fileRef = 4F1EF2FE19AFAE9C00D318AC /* Foundation.framework */; };
		4F1EF30119AFAE9C00D318AC /* CoreGraphics.framework in Frameworks */ = {isa = PBXBuildFile; fileRef = 4F1EF30019AFAE9C00D318AC /* CoreGraphics.framework */; };
		4F1EF30319AFAE9C00D318AC /* UIKit.framework in Frameworks */ = {isa = PBXBuildFile; fileRef = 4F1EF30219AFAE9C00D318AC /* UIKit.framework */; };
		4F1EF30919AFAE9C00D318AC /* InfoPlist.strings in Resources */ = {isa = PBXBuildFile; fileRef = 4F1EF30719AFAE9C00D318AC /* InfoPlist.strings */; };
		4F1EF30B19AFAE9C00D318AC /* main.m in Sources */ = {isa = PBXBuildFile; fileRef = 4F1EF30A19AFAE9C00D318AC /* main.m */; };
		4F1EF31A19AFAE9C00D318AC /* Images.xcassets in Resources */ = {isa = PBXBuildFile; fileRef = 4F1EF31919AFAE9C00D318AC /* Images.xcassets */; };
		4F1EF32119AFAE9C00D318AC /* XCTest.framework in Frameworks */ = {isa = PBXBuildFile; fileRef = 4F1EF32019AFAE9C00D318AC /* XCTest.framework */; };
		4F1EF32219AFAE9C00D318AC /* Foundation.framework in Frameworks */ = {isa = PBXBuildFile; fileRef = 4F1EF2FE19AFAE9C00D318AC /* Foundation.framework */; };
		4F1EF32319AFAE9C00D318AC /* UIKit.framework in Frameworks */ = {isa = PBXBuildFile; fileRef = 4F1EF30219AFAE9C00D318AC /* UIKit.framework */; };
		4F1EF32B19AFAE9C00D318AC /* InfoPlist.strings in Resources */ = {isa = PBXBuildFile; fileRef = 4F1EF32919AFAE9C00D318AC /* InfoPlist.strings */; };
		4F1EF32D19AFAE9C00D318AC /* PixelArtTests.m in Sources */ = {isa = PBXBuildFile; fileRef = 4F1EF32C19AFAE9C00D318AC /* PixelArtTests.m */; };
		4F1EF34119AFAF0900D318AC /* bg.png in Resources */ = {isa = PBXBuildFile; fileRef = 4F1EF33619AFAF0900D318AC /* bg.png */; };
		4F1EF34219AFAF0900D318AC /* AppDelegate.m in Sources */ = {isa = PBXBuildFile; fileRef = 4F1EF33819AFAF0900D318AC /* AppDelegate.m */; };
		4F1EF34319AFAF0900D318AC /* ipad.storyboard in Resources */ = {isa = PBXBuildFile; fileRef = 4F1EF33919AFAF0900D318AC /* ipad.storyboard */; };
		4F1EF34419AFAF0900D318AC /* iphone.storyboard in Resources */ = {isa = PBXBuildFile; fileRef = 4F1EF33A19AFAF0900D318AC /* iphone.storyboard */; };
		4F1EF34519AFAF0900D318AC /* MenuViewController.m in Sources */ = {isa = PBXBuildFile; fileRef = 4F1EF33C19AFAF0900D318AC /* MenuViewController.m */; };
		4F1EF34619AFAF0900D318AC /* CanvasViewController.m in Sources */ = {isa = PBXBuildFile; fileRef = 4F1EF33E19AFAF0900D318AC /* CanvasViewController.m */; };
		4F1EF34719AFAF0900D318AC /* Pixel.m in Sources */ = {isa = PBXBuildFile; fileRef = 4F1EF34019AFAF0900D318AC /* Pixel.m */; };
/* End PBXBuildFile section */

/* Begin PBXContainerItemProxy section */
		4F1EF32419AFAE9C00D318AC /* PBXContainerItemProxy */ = {
			isa = PBXContainerItemProxy;
			containerPortal = 4F1EF2F319AFAE9B00D318AC /* Project object */;
			proxyType = 1;
			remoteGlobalIDString = 4F1EF2FA19AFAE9B00D318AC;
			remoteInfo = PixelArt;
		};
/* End PBXContainerItemProxy section */

/* Begin PBXFileReference section */
		4F1EF2FB19AFAE9B00D318AC /* PixelArt.app */ = {isa = PBXFileReference; explicitFileType = wrapper.application; includeInIndex = 0; path = PixelArt.app; sourceTree = BUILT_PRODUCTS_DIR; };
		4F1EF2FE19AFAE9C00D318AC /* Foundation.framework */ = {isa = PBXFileReference; lastKnownFileType = wrapper.framework; name = Foundation.framework; path = System/Library/Frameworks/Foundation.framework; sourceTree = SDKROOT; };
		4F1EF30019AFAE9C00D318AC /* CoreGraphics.framework */ = {isa = PBXFileReference; lastKnownFileType = wrapper.framework; name = CoreGraphics.framework; path = System/Library/Frameworks/CoreGraphics.framework; sourceTree = SDKROOT; };
		4F1EF30219AFAE9C00D318AC /* UIKit.framework */ = {isa = PBXFileReference; lastKnownFileType = wrapper.framework; name = UIKit.framework; path = System/Library/Frameworks/UIKit.framework; sourceTree = SDKROOT; };
		4F1EF30619AFAE9C00D318AC /* PixelArt-Info.plist */ = {isa = PBXFileReference; lastKnownFileType = text.plist.xml; path = "PixelArt-Info.plist"; sourceTree = "<group>"; };
		4F1EF30819AFAE9C00D318AC /* en */ = {isa = PBXFileReference; lastKnownFileType = text.plist.strings; name = en; path = en.lproj/InfoPlist.strings; sourceTree = "<group>"; };
		4F1EF30A19AFAE9C00D318AC /* main.m */ = {isa = PBXFileReference; lastKnownFileType = sourcecode.c.objc; path = main.m; sourceTree = "<group>"; };
		4F1EF30C19AFAE9C00D318AC /* PixelArt-Prefix.pch */ = {isa = PBXFileReference; lastKnownFileType = sourcecode.c.h; path = "PixelArt-Prefix.pch"; sourceTree = "<group>"; };
		4F1EF31919AFAE9C00D318AC /* Images.xcassets */ = {isa = PBXFileReference; lastKnownFileType = folder.assetcatalog; path = Images.xcassets; sourceTree = "<group>"; };
		4F1EF31F19AFAE9C00D318AC /* PixelArtTests.xctest */ = {isa = PBXFileReference; explicitFileType = wrapper.cfbundle; includeInIndex = 0; path = PixelArtTests.xctest; sourceTree = BUILT_PRODUCTS_DIR; };
		4F1EF32019AFAE9C00D318AC /* XCTest.framework */ = {isa = PBXFileReference; lastKnownFileType = wrapper.framework; name = XCTest.framework; path = Library/Frameworks/XCTest.framework; sourceTree = DEVELOPER_DIR; };
		4F1EF32819AFAE9C00D318AC /* PixelArtTests-Info.plist */ = {isa = PBXFileReference; lastKnownFileType = text.plist.xml; path = "PixelArtTests-Info.plist"; sourceTree = "<group>"; };
		4F1EF32A19AFAE9C00D318AC /* en */ = {isa = PBXFileReference; lastKnownFileType = text.plist.strings; name = en; path = en.lproj/InfoPlist.strings; sourceTree = "<group>"; };
		4F1EF32C19AFAE9C00D318AC /* PixelArtTests.m */ = {isa = PBXFileReference; lastKnownFileType = sourcecode.c.objc; path = PixelArtTests.m; sourceTree = "<group>"; };
		4F1EF33619AFAF0900D318AC /* bg.png */ = {isa = PBXFileReference; lastKnownFileType = image.png; path = bg.png; sourceTree = "<group>"; };
		4F1EF33719AFAF0900D318AC /* AppDelegate.h */ = {isa = PBXFileReference; fileEncoding = 4; lastKnownFileType = sourcecode.c.h; path = AppDelegate.h; sourceTree = "<group>"; };
		4F1EF33819AFAF0900D318AC /* AppDelegate.m */ = {isa = PBXFileReference; fileEncoding = 4; lastKnownFileType = sourcecode.c.objc; path = AppDelegate.m; sourceTree = "<group>"; };
		4F1EF33919AFAF0900D318AC /* ipad.storyboard */ = {isa = PBXFileReference; fileEncoding = 4; lastKnownFileType = file.storyboard; path = ipad.storyboard; sourceTree = "<group>"; };
		4F1EF33A19AFAF0900D318AC /* iphone.storyboard */ = {isa = PBXFileReference; fileEncoding = 4; lastKnownFileType = file.storyboard; path = iphone.storyboard; sourceTree = "<group>"; };
		4F1EF33B19AFAF0900D318AC /* MenuViewController.h */ = {isa = PBXFileReference; fileEncoding = 4; lastKnownFileType = sourcecode.c.h; path = MenuViewController.h; sourceTree = "<group>"; };
		4F1EF33C19AFAF0900D318AC /* MenuViewController.m */ = {isa = PBXFileReference; fileEncoding = 4; lastKnownFileType = sourcecode.c.objc; path = MenuViewController.m; sourceTree = "<group>"; };
		4F1EF33D19AFAF0900D318AC /* CanvasViewController.h */ = {isa = PBXFileReference; fileEncoding = 4; lastKnownFileType = sourcecode.c.h; path = CanvasViewController.h; sourceTree = "<group>"; };
		4F1EF33E19AFAF0900D318AC /* CanvasViewController.m */ = {isa = PBXFileReference; fileEncoding = 4; lastKnownFileType = sourcecode.c.objc; path = CanvasViewController.m; sourceTree = "<group>"; };
		4F1EF33F19AFAF0900D318AC /* Pixel.h */ = {isa = PBXFileReference; fileEncoding = 4; lastKnownFileType = sourcecode.c.h; path = Pixel.h; sourceTree = "<group>"; };
		4F1EF34019AFAF0900D318AC /* Pixel.m */ = {isa = PBXFileReference; fileEncoding = 4; lastKnownFileType = sourcecode.c.objc; path = Pixel.m; sourceTree = "<group>"; };
/* End PBXFileReference section */

/* Begin PBXFrameworksBuildPhase section */
		4F1EF2F819AFAE9B00D318AC /* Frameworks */ = {
			isa = PBXFrameworksBuildPhase;
			buildActionMask = 2147483647;
			files = (
				4F1EF30119AFAE9C00D318AC /* CoreGraphics.framework in Frameworks */,
				4F1EF30319AFAE9C00D318AC /* UIKit.framework in Frameworks */,
				4F1EF2FF19AFAE9C00D318AC /* Foundation.framework in Frameworks */,
			);
			runOnlyForDeploymentPostprocessing = 0;
		};
		4F1EF31C19AFAE9C00D318AC /* Frameworks */ = {
			isa = PBXFrameworksBuildPhase;
			buildActionMask = 2147483647;
			files = (
				4F1EF32119AFAE9C00D318AC /* XCTest.framework in Frameworks */,
				4F1EF32319AFAE9C00D318AC /* UIKit.framework in Frameworks */,
				4F1EF32219AFAE9C00D318AC /* Foundation.framework in Frameworks */,
			);
			runOnlyForDeploymentPostprocessing = 0;
		};
/* End PBXFrameworksBuildPhase section */

/* Begin PBXGroup section */
		4F1EF2F219AFAE9B00D318AC = {
			isa = PBXGroup;
			children = (
				4F1EF30419AFAE9C00D318AC /* PixelArt */,
				4F1EF32619AFAE9C00D318AC /* PixelArtTests */,
				4F1EF2FD19AFAE9B00D318AC /* Frameworks */,
				4F1EF2FC19AFAE9B00D318AC /* Products */,
			);
			sourceTree = "<group>";
		};
		4F1EF2FC19AFAE9B00D318AC /* Products */ = {
			isa = PBXGroup;
			children = (
				4F1EF2FB19AFAE9B00D318AC /* PixelArt.app */,
				4F1EF31F19AFAE9C00D318AC /* PixelArtTests.xctest */,
			);
			name = Products;
			sourceTree = "<group>";
		};
		4F1EF2FD19AFAE9B00D318AC /* Frameworks */ = {
			isa = PBXGroup;
			children = (
				4F1EF2FE19AFAE9C00D318AC /* Foundation.framework */,
				4F1EF30019AFAE9C00D318AC /* CoreGraphics.framework */,
				4F1EF30219AFAE9C00D318AC /* UIKit.framework */,
				4F1EF32019AFAE9C00D318AC /* XCTest.framework */,
			);
			name = Frameworks;
			sourceTree = "<group>";
		};
		4F1EF30419AFAE9C00D318AC /* PixelArt */ = {
			isa = PBXGroup;
			children = (
				4F1EF33619AFAF0900D318AC /* bg.png */,
				4F1EF33719AFAF0900D318AC /* AppDelegate.h */,
				4F1EF33819AFAF0900D318AC /* AppDelegate.m */,
				4F1EF33919AFAF0900D318AC /* ipad.storyboard */,
				4F1EF33A19AFAF0900D318AC /* iphone.storyboard */,
				4F1EF33B19AFAF0900D318AC /* MenuViewController.h */,
				4F1EF33C19AFAF0900D318AC /* MenuViewController.m */,
				4F1EF33D19AFAF0900D318AC /* CanvasViewController.h */,
				4F1EF33E19AFAF0900D318AC /* CanvasViewController.m */,
				4F1EF33F19AFAF0900D318AC /* Pixel.h */,
				4F1EF34019AFAF0900D318AC /* Pixel.m */,
				4F1EF31919AFAE9C00D318AC /* Images.xcassets */,
				4F1EF30519AFAE9C00D318AC /* Supporting Files */,
			);
			path = PixelArt;
			sourceTree = "<group>";
		};
		4F1EF30519AFAE9C00D318AC /* Supporting Files */ = {
			isa = PBXGroup;
			children = (
				4F1EF30619AFAE9C00D318AC /* PixelArt-Info.plist */,
				4F1EF30719AFAE9C00D318AC /* InfoPlist.strings */,
				4F1EF30A19AFAE9C00D318AC /* main.m */,
				4F1EF30C19AFAE9C00D318AC /* PixelArt-Prefix.pch */,
			);
			name = "Supporting Files";
			sourceTree = "<group>";
		};
		4F1EF32619AFAE9C00D318AC /* PixelArtTests */ = {
			isa = PBXGroup;
			children = (
				4F1EF32C19AFAE9C00D318AC /* PixelArtTests.m */,
				4F1EF32719AFAE9C00D318AC /* Supporting Files */,
			);
			path = PixelArtTests;
			sourceTree = "<group>";
		};
		4F1EF32719AFAE9C00D318AC /* Supporting Files */ = {
			isa = PBXGroup;
			children = (
				4F1EF32819AFAE9C00D318AC /* PixelArtTests-Info.plist */,
				4F1EF32919AFAE9C00D318AC /* InfoPlist.strings */,
			);
			name = "Supporting Files";
			sourceTree = "<group>";
		};
/* End PBXGroup section */

/* Begin PBXNativeTarget section */
		4F1EF2FA19AFAE9B00D318AC /* PixelArt */ = {
			isa = PBXNativeTarget;
			buildConfigurationList = 4F1EF33019AFAE9C00D318AC /* Build configuration list for PBXNativeTarget "PixelArt" */;
			buildPhases = (
				4F1EF2F719AFAE9B00D318AC /* Sources */,
				4F1EF2F819AFAE9B00D318AC /* Frameworks */,
				4F1EF2F919AFAE9B00D318AC /* Resources */,
			);
			buildRules = (
			);
			dependencies = (
			);
			name = PixelArt;
			productName = PixelArt;
			productReference = 4F1EF2FB19AFAE9B00D318AC /* PixelArt.app */;
			productType = "com.apple.product-type.application";
		};
		4F1EF31E19AFAE9C00D318AC /* PixelArtTests */ = {
			isa = PBXNativeTarget;
			buildConfigurationList = 4F1EF33319AFAE9C00D318AC /* Build configuration list for PBXNativeTarget "PixelArtTests" */;
			buildPhases = (
				4F1EF31B19AFAE9C00D318AC /* Sources */,
				4F1EF31C19AFAE9C00D318AC /* Frameworks */,
				4F1EF31D19AFAE9C00D318AC /* Resources */,
			);
			buildRules = (
			);
			dependencies = (
				4F1EF32519AFAE9C00D318AC /* PBXTargetDependency */,
			);
			name = PixelArtTests;
			productName = PixelArtTests;
			productReference = 4F1EF31F19AFAE9C00D318AC /* PixelArtTests.xctest */;
			productType = "com.apple.product-type.bundle.unit-test";
		};
/* End PBXNativeTarget section */

/* Begin PBXProject section */
		4F1EF2F319AFAE9B00D318AC /* Project object */ = {
			isa = PBXProject;
			attributes = {
				LastUpgradeCheck = 0510;
				ORGANIZATIONNAME = "Oliver Rodden";
				TargetAttributes = {
					4F1EF31E19AFAE9C00D318AC = {
						TestTargetID = 4F1EF2FA19AFAE9B00D318AC;
					};
				};
			};
			buildConfigurationList = 4F1EF2F619AFAE9B00D318AC /* Build configuration list for PBXProject "PixelArt" */;
			compatibilityVersion = "Xcode 3.2";
			developmentRegion = English;
			hasScannedForEncodings = 0;
			knownRegions = (
				en,
				Base,
			);
			mainGroup = 4F1EF2F219AFAE9B00D318AC;
			productRefGroup = 4F1EF2FC19AFAE9B00D318AC /* Products */;
			projectDirPath = "";
			projectRoot = "";
			targets = (
				4F1EF2FA19AFAE9B00D318AC /* PixelArt */,
				4F1EF31E19AFAE9C00D318AC /* PixelArtTests */,
			);
		};
/* End PBXProject section */

/* Begin PBXResourcesBuildPhase section */
		4F1EF2F919AFAE9B00D318AC /* Resources */ = {
			isa = PBXResourcesBuildPhase;
			buildActionMask = 2147483647;
			files = (
				4F1EF34319AFAF0900D318AC /* ipad.storyboard in Resources */,
				4F1EF31A19AFAE9C00D318AC /* Images.xcassets in Resources */,
				4F1EF30919AFAE9C00D318AC /* InfoPlist.strings in Resources */,
				4F1EF34119AFAF0900D318AC /* bg.png in Resources */,
				4F1EF34419AFAF0900D318AC /* iphone.storyboard in Resources */,
			);
			runOnlyForDeploymentPostprocessing = 0;
		};
		4F1EF31D19AFAE9C00D318AC /* Resources */ = {
			isa = PBXResourcesBuildPhase;
			buildActionMask = 2147483647;
			files = (
				4F1EF32B19AFAE9C00D318AC /* InfoPlist.strings in Resources */,
			);
			runOnlyForDeploymentPostprocessing = 0;
		};
/* End PBXResourcesBuildPhase section */

/* Begin PBXSourcesBuildPhase section */
		4F1EF2F719AFAE9B00D318AC /* Sources */ = {
			isa = PBXSourcesBuildPhase;
			buildActionMask = 2147483647;
			files = (
				4F1EF34619AFAF0900D318AC /* CanvasViewController.m in Sources */,
				4F1EF34219AFAF0900D318AC /* AppDelegate.m in Sources */,
				4F1EF34519AFAF0900D318AC /* MenuViewController.m in Sources */,
				4F1EF30B19AFAE9C00D318AC /* main.m in Sources */,
				4F1EF34719AFAF0900D318AC /* Pixel.m in Sources */,
			);
			runOnlyForDeploymentPostprocessing = 0;
		};
		4F1EF31B19AFAE9C00D318AC /* Sources */ = {
			isa = PBXSourcesBuildPhase;
			buildActionMask = 2147483647;
			files = (
				4F1EF32D19AFAE9C00D318AC /* PixelArtTests.m in Sources */,
			);
			runOnlyForDeploymentPostprocessing = 0;
		};
/* End PBXSourcesBuildPhase section */

/* Begin PBXTargetDependency section */
		4F1EF32519AFAE9C00D318AC /* PBXTargetDependency */ = {
			isa = PBXTargetDependency;
			target = 4F1EF2FA19AFAE9B00D318AC /* PixelArt */;
			targetProxy = 4F1EF32419AFAE9C00D318AC /* PBXContainerItemProxy */;
		};
/* End PBXTargetDependency section */

/* Begin PBXVariantGroup section */
		4F1EF30719AFAE9C00D318AC /* InfoPlist.strings */ = {
			isa = PBXVariantGroup;
			children = (
				4F1EF30819AFAE9C00D318AC /* en */,
			);
			name = InfoPlist.strings;
			sourceTree = "<group>";
		};
		4F1EF32919AFAE9C00D318AC /* InfoPlist.strings */ = {
			isa = PBXVariantGroup;
			children = (
				4F1EF32A19AFAE9C00D318AC /* en */,
			);
			name = InfoPlist.strings;
			sourceTree = "<group>";
		};
/* End PBXVariantGroup section */

/* Begin XCBuildConfiguration section */
		4F1EF32E19AFAE9C00D318AC /* Debug */ = {
			isa = XCBuildConfiguration;
			buildSettings = {
				ALWAYS_SEARCH_USER_PATHS = NO;
				CLANG_CXX_LANGUAGE_STANDARD = "gnu++0x";
				CLANG_CXX_LIBRARY = "libc++";
				CLANG_ENABLE_MODULES = YES;
				CLANG_ENABLE_OBJC_ARC = YES;
				CLANG_WARN_BOOL_CONVERSION = YES;
				CLANG_WARN_CONSTANT_CONVERSION = YES;
				CLANG_WARN_DIRECT_OBJC_ISA_USAGE = YES_ERROR;
				CLANG_WARN_EMPTY_BODY = YES;
				CLANG_WARN_ENUM_CONVERSION = YES;
				CLANG_WARN_INT_CONVERSION = YES;
				CLANG_WARN_OBJC_ROOT_CLASS = YES_ERROR;
				CLANG_WARN__DUPLICATE_METHOD_MATCH = YES;
				"CODE_SIGN_IDENTITY[sdk=iphoneos*]" = "iPhone Developer";
				COPY_PHASE_STRIP = NO;
				GCC_C_LANGUAGE_STANDARD = gnu99;
				GCC_DYNAMIC_NO_PIC = NO;
				GCC_OPTIMIZATION_LEVEL = 0;
				GCC_PREPROCESSOR_DEFINITIONS = (
					"DEBUG=1",
					"$(inherited)",
				);
				GCC_SYMBOLS_PRIVATE_EXTERN = NO;
				GCC_WARN_64_TO_32_BIT_CONVERSION = YES;
				GCC_WARN_ABOUT_RETURN_TYPE = YES_ERROR;
				GCC_WARN_UNDECLARED_SELECTOR = YES;
				GCC_WARN_UNINITIALIZED_AUTOS = YES_AGGRESSIVE;
				GCC_WARN_UNUSED_FUNCTION = YES;
				GCC_WARN_UNUSED_VARIABLE = YES;
				IPHONEOS_DEPLOYMENT_TARGET = 7.1;
				ONLY_ACTIVE_ARCH = YES;
				SDKROOT = iphoneos;
				TARGETED_DEVICE_FAMILY = "1,2";
			};
			name = Debug;
		};
		4F1EF32F19AFAE9C00D318AC /* Release */ = {
			isa = XCBuildConfiguration;
			buildSettings = {
				ALWAYS_SEARCH_USER_PATHS = NO;
				CLANG_CXX_LANGUAGE_STANDARD = "gnu++0x";
				CLANG_CXX_LIBRARY = "libc++";
				CLANG_ENABLE_MODULES = YES;
				CLANG_ENABLE_OBJC_ARC = YES;
				CLANG_WARN_BOOL_CONVERSION = YES;
				CLANG_WARN_CONSTANT_CONVERSION = YES;
				CLANG_WARN_DIRECT_OBJC_ISA_USAGE = YES_ERROR;
				CLANG_WARN_EMPTY_BODY = YES;
				CLANG_WARN_ENUM_CONVERSION = YES;
				CLANG_WARN_INT_CONVERSION = YES;
				CLANG_WARN_OBJC_ROOT_CLASS = YES_ERROR;
				CLANG_WARN__DUPLICATE_METHOD_MATCH = YES;
				"CODE_SIGN_IDENTITY[sdk=iphoneos*]" = "iPhone Developer";
				COPY_PHASE_STRIP = YES;
				ENABLE_NS_ASSERTIONS = NO;
				GCC_C_LANGUAGE_STANDARD = gnu99;
				GCC_WARN_64_TO_32_BIT_CONVERSION = YES;
				GCC_WARN_ABOUT_RETURN_TYPE = YES_ERROR;
				GCC_WARN_UNDECLARED_SELECTOR = YES;
				GCC_WARN_UNINITIALIZED_AUTOS = YES_AGGRESSIVE;
				GCC_WARN_UNUSED_FUNCTION = YES;
				GCC_WARN_UNUSED_VARIABLE = YES;
				IPHONEOS_DEPLOYMENT_TARGET = 7.1;
				SDKROOT = iphoneos;
				TARGETED_DEVICE_FAMILY = "1,2";
				VALIDATE_PRODUCT = YES;
			};
			name = Release;
		};
		4F1EF33119AFAE9C00D318AC /* Debug */ = {
			isa = XCBuildConfiguration;
			buildSettings = {
				ASSETCATALOG_COMPILER_APPICON_NAME = AppIcon;
				ASSETCATALOG_COMPILER_LAUNCHIMAGE_NAME = LaunchImage;
				GCC_PRECOMPILE_PREFIX_HEADER = YES;
				GCC_PREFIX_HEADER = "PixelArt/PixelArt-Prefix.pch";
				INFOPLIST_FILE = "PixelArt/PixelArt-Info.plist";
				IPHONEOS_DEPLOYMENT_TARGET = 7.0;
				PRODUCT_NAME = "$(TARGET_NAME)";
				TARGETED_DEVICE_FAMILY = "1,2";
				WRAPPER_EXTENSION = app;
			};
			name = Debug;
		};
		4F1EF33219AFAE9C00D318AC /* Release */ = {
			isa = XCBuildConfiguration;
			buildSettings = {
				ASSETCATALOG_COMPILER_APPICON_NAME = AppIcon;
				ASSETCATALOG_COMPILER_LAUNCHIMAGE_NAME = LaunchImage;
				GCC_PRECOMPILE_PREFIX_HEADER = YES;
				GCC_PREFIX_HEADER = "PixelArt/PixelArt-Prefix.pch";
				INFOPLIST_FILE = "PixelArt/PixelArt-Info.plist";
				IPHONEOS_DEPLOYMENT_TARGET = 7.0;
				PRODUCT_NAME = "$(TARGET_NAME)";
				TARGETED_DEVICE_FAMILY = "1,2";
				WRAPPER_EXTENSION = app;
			};
			name = Release;
		};
		4F1EF33419AFAE9C00D318AC /* Debug */ = {
			isa = XCBuildConfiguration;
			buildSettings = {
				BUNDLE_LOADER = "$(BUILT_PRODUCTS_DIR)/PixelArt.app/PixelArt";
				FRAMEWORK_SEARCH_PATHS = (
					"$(SDKROOT)/Developer/Library/Frameworks",
					"$(inherited)",
					"$(DEVELOPER_FRAMEWORKS_DIR)",
				);
				GCC_PRECOMPILE_PREFIX_HEADER = YES;
				GCC_PREFIX_HEADER = "PixelArt/PixelArt-Prefix.pch";
				GCC_PREPROCESSOR_DEFINITIONS = (
					"DEBUG=1",
					"$(inherited)",
				);
				INFOPLIST_FILE = "PixelArtTests/PixelArtTests-Info.plist";
				PRODUCT_NAME = "$(TARGET_NAME)";
				TEST_HOST = "$(BUNDLE_LOADER)";
				WRAPPER_EXTENSION = xctest;
			};
			name = Debug;
		};
		4F1EF33519AFAE9C00D318AC /* Release */ = {
			isa = XCBuildConfiguration;
			buildSettings = {
				BUNDLE_LOADER = "$(BUILT_PRODUCTS_DIR)/PixelArt.app/PixelArt";
				FRAMEWORK_SEARCH_PATHS = (
					"$(SDKROOT)/Developer/Library/Frameworks",
					"$(inherited)",
					"$(DEVELOPER_FRAMEWORKS_DIR)",
				);
				GCC_PRECOMPILE_PREFIX_HEADER = YES;
				GCC_PREFIX_HEADER = "PixelArt/PixelArt-Prefix.pch";
				INFOPLIST_FILE = "PixelArtTests/PixelArtTests-Info.plist";
				PRODUCT_NAME = "$(TARGET_NAME)";
				TEST_HOST = "$(BUNDLE_LOADER)";
				WRAPPER_EXTENSION = xctest;
			};
			name = Release;
		};
/* End XCBuildConfiguration section */

/* Begin XCConfigurationList section */
		4F1EF2F619AFAE9B00D318AC /* Build configuration list for PBXProject "PixelArt" */ = {
			isa = XCConfigurationList;
			buildConfigurations = (
				4F1EF32E19AFAE9C00D318AC /* Debug */,
				4F1EF32F19AFAE9C00D318AC /* Release */,
			);
			defaultConfigurationIsVisible = 0;
			defaultConfigurationName = Release;
		};
		4F1EF33019AFAE9C00D318AC /* Build configuration list for PBXNativeTarget "PixelArt" */ = {
			isa = XCConfigurationList;
			buildConfigurations = (
				4F1EF33119AFAE9C00D318AC /* Debug */,
				4F1EF33219AFAE9C00D318AC /* Release */,
			);
			defaultConfigurationIsVisible = 0;
		};
		4F1EF33319AFAE9C00D318AC /* Build configuration list for PBXNativeTarget "PixelArtTests" */ = {
			isa = XCConfigurationList;
			buildConfigurations = (
				4F1EF33419AFAE9C00D318AC /* Debug */,
				4F1EF33519AFAE9C00D318AC /* Release */,
			);
			defaultConfigurationIsVisible = 0;
		};
/* End XCConfigurationList section */
	};
	rootObject = 4F1EF2F319AFAE9B00D318AC /* Project object */;
}
