// !$*UTF8*$!
{
	archiveVersion = 1;
	classes = {
	};
	objectVersion = 46;
	objects = {

/* Begin PBXBuildFile section */
		CC7BC36519C269B90093176A /* AppDelegate.swift in Sources */ = {isa = PBXBuildFile; fileRef = CC7BC36419C269B90093176A /* AppDelegate.swift */; };
		CC7BC36719C269B90093176A /* ViewController.swift in Sources */ = {isa = PBXBuildFile; fileRef = CC7BC36619C269B90093176A /* ViewController.swift */; };
		CC7BC36A19C269B90093176A /* Main.storyboard in Resources */ = {isa = PBXBuildFile; fileRef = CC7BC36819C269B90093176A /* Main.storyboard */; };
		CC7BC36C19C269B90093176A /* Images.xcassets in Resources */ = {isa = PBXBuildFile; fileRef = CC7BC36B19C269B90093176A /* Images.xcassets */; };
		CC7BC36F19C269B90093176A /* LaunchScreen.xib in Resources */ = {isa = PBXBuildFile; fileRef = CC7BC36D19C269B90093176A /* LaunchScreen.xib */; };
		CC7BC37B19C269B90093176A /* WhatsSUPMenuTests.swift in Sources */ = {isa = PBXBuildFile; fileRef = CC7BC37A19C269B90093176A /* WhatsSUPMenuTests.swift */; };
		CC7BC38519C26A7C0093176A /* menuWaves.png in Resources */ = {isa = PBXBuildFile; fileRef = CC7BC38419C26A7C0093176A /* menuWaves.png */; };
		CC7BC38719C26B900093176A /* PoetsenOne-Regular.ttf in Resources */ = {isa = PBXBuildFile; fileRef = CC7BC38619C26B900093176A /* PoetsenOne-Regular.ttf */; };
/* End PBXBuildFile section */

/* Begin PBXContainerItemProxy section */
		CC7BC37519C269B90093176A /* PBXContainerItemProxy */ = {
			isa = PBXContainerItemProxy;
			containerPortal = CC7BC35719C269B90093176A /* Project object */;
			proxyType = 1;
			remoteGlobalIDString = CC7BC35E19C269B90093176A;
			remoteInfo = WhatsSUPMenu;
		};
/* End PBXContainerItemProxy section */

/* Begin PBXFileReference section */
		CC7BC35F19C269B90093176A /* WhatsSUPMenu.app */ = {isa = PBXFileReference; explicitFileType = wrapper.application; includeInIndex = 0; path = WhatsSUPMenu.app; sourceTree = BUILT_PRODUCTS_DIR; };
		CC7BC36319C269B90093176A /* Info.plist */ = {isa = PBXFileReference; lastKnownFileType = text.plist.xml; path = Info.plist; sourceTree = "<group>"; };
		CC7BC36419C269B90093176A /* AppDelegate.swift */ = {isa = PBXFileReference; lastKnownFileType = sourcecode.swift; path = AppDelegate.swift; sourceTree = "<group>"; };
		CC7BC36619C269B90093176A /* ViewController.swift */ = {isa = PBXFileReference; lastKnownFileType = sourcecode.swift; path = ViewController.swift; sourceTree = "<group>"; };
		CC7BC36919C269B90093176A /* Base */ = {isa = PBXFileReference; lastKnownFileType = file.storyboard; name = Base; path = Base.lproj/Main.storyboard; sourceTree = "<group>"; };
		CC7BC36B19C269B90093176A /* Images.xcassets */ = {isa = PBXFileReference; lastKnownFileType = folder.assetcatalog; path = Images.xcassets; sourceTree = "<group>"; };
		CC7BC36E19C269B90093176A /* Base */ = {isa = PBXFileReference; lastKnownFileType = file.xib; name = Base; path = Base.lproj/LaunchScreen.xib; sourceTree = "<group>"; };
		CC7BC37419C269B90093176A /* WhatsSUPMenuTests.xctest */ = {isa = PBXFileReference; explicitFileType = wrapper.cfbundle; includeInIndex = 0; path = WhatsSUPMenuTests.xctest; sourceTree = BUILT_PRODUCTS_DIR; };
		CC7BC37919C269B90093176A /* Info.plist */ = {isa = PBXFileReference; lastKnownFileType = text.plist.xml; path = Info.plist; sourceTree = "<group>"; };
		CC7BC37A19C269B90093176A /* WhatsSUPMenuTests.swift */ = {isa = PBXFileReference; lastKnownFileType = sourcecode.swift; path = WhatsSUPMenuTests.swift; sourceTree = "<group>"; };
		CC7BC38419C26A7C0093176A /* menuWaves.png */ = {isa = PBXFileReference; lastKnownFileType = image.png; path = menuWaves.png; sourceTree = "<group>"; };
		CC7BC38619C26B900093176A /* PoetsenOne-Regular.ttf */ = {isa = PBXFileReference; lastKnownFileType = file; path = "PoetsenOne-Regular.ttf"; sourceTree = "<group>"; };
/* End PBXFileReference section */

/* Begin PBXFrameworksBuildPhase section */
		CC7BC35C19C269B90093176A /* Frameworks */ = {
			isa = PBXFrameworksBuildPhase;
			buildActionMask = 2147483647;
			files = (
			);
			runOnlyForDeploymentPostprocessing = 0;
		};
		CC7BC37119C269B90093176A /* Frameworks */ = {
			isa = PBXFrameworksBuildPhase;
			buildActionMask = 2147483647;
			files = (
			);
			runOnlyForDeploymentPostprocessing = 0;
		};
/* End PBXFrameworksBuildPhase section */

/* Begin PBXGroup section */
		CC7BC35619C269B90093176A = {
			isa = PBXGroup;
			children = (
				CC7BC36119C269B90093176A /* WhatsSUPMenu */,
				CC7BC37719C269B90093176A /* WhatsSUPMenuTests */,
				CC7BC36019C269B90093176A /* Products */,
			);
			sourceTree = "<group>";
		};
		CC7BC36019C269B90093176A /* Products */ = {
			isa = PBXGroup;
			children = (
				CC7BC35F19C269B90093176A /* WhatsSUPMenu.app */,
				CC7BC37419C269B90093176A /* WhatsSUPMenuTests.xctest */,
			);
			name = Products;
			sourceTree = "<group>";
		};
		CC7BC36119C269B90093176A /* WhatsSUPMenu */ = {
			isa = PBXGroup;
			children = (
				CC7BC38619C26B900093176A /* PoetsenOne-Regular.ttf */,
				CC7BC38419C26A7C0093176A /* menuWaves.png */,
				CC7BC36419C269B90093176A /* AppDelegate.swift */,
				CC7BC36619C269B90093176A /* ViewController.swift */,
				CC7BC36819C269B90093176A /* Main.storyboard */,
				CC7BC36B19C269B90093176A /* Images.xcassets */,
				CC7BC36D19C269B90093176A /* LaunchScreen.xib */,
				CC7BC36219C269B90093176A /* Supporting Files */,
			);
			path = WhatsSUPMenu;
			sourceTree = "<group>";
		};
		CC7BC36219C269B90093176A /* Supporting Files */ = {
			isa = PBXGroup;
			children = (
				CC7BC36319C269B90093176A /* Info.plist */,
			);
			name = "Supporting Files";
			sourceTree = "<group>";
		};
		CC7BC37719C269B90093176A /* WhatsSUPMenuTests */ = {
			isa = PBXGroup;
			children = (
				CC7BC37A19C269B90093176A /* WhatsSUPMenuTests.swift */,
				CC7BC37819C269B90093176A /* Supporting Files */,
			);
			path = WhatsSUPMenuTests;
			sourceTree = "<group>";
		};
		CC7BC37819C269B90093176A /* Supporting Files */ = {
			isa = PBXGroup;
			children = (
				CC7BC37919C269B90093176A /* Info.plist */,
			);
			name = "Supporting Files";
			sourceTree = "<group>";
		};
/* End PBXGroup section */

/* Begin PBXNativeTarget section */
		CC7BC35E19C269B90093176A /* WhatsSUPMenu */ = {
			isa = PBXNativeTarget;
			buildConfigurationList = CC7BC37E19C269B90093176A /* Build configuration list for PBXNativeTarget "WhatsSUPMenu" */;
			buildPhases = (
				CC7BC35B19C269B90093176A /* Sources */,
				CC7BC35C19C269B90093176A /* Frameworks */,
				CC7BC35D19C269B90093176A /* Resources */,
			);
			buildRules = (
			);
			dependencies = (
			);
			name = WhatsSUPMenu;
			productName = WhatsSUPMenu;
			productReference = CC7BC35F19C269B90093176A /* WhatsSUPMenu.app */;
			productType = "com.apple.product-type.application";
		};
		CC7BC37319C269B90093176A /* WhatsSUPMenuTests */ = {
			isa = PBXNativeTarget;
			buildConfigurationList = CC7BC38119C269B90093176A /* Build configuration list for PBXNativeTarget "WhatsSUPMenuTests" */;
			buildPhases = (
				CC7BC37019C269B90093176A /* Sources */,
				CC7BC37119C269B90093176A /* Frameworks */,
				CC7BC37219C269B90093176A /* Resources */,
			);
			buildRules = (
			);
			dependencies = (
				CC7BC37619C269B90093176A /* PBXTargetDependency */,
			);
			name = WhatsSUPMenuTests;
			productName = WhatsSUPMenuTests;
			productReference = CC7BC37419C269B90093176A /* WhatsSUPMenuTests.xctest */;
			productType = "com.apple.product-type.bundle.unit-test";
		};
/* End PBXNativeTarget section */

/* Begin PBXProject section */
		CC7BC35719C269B90093176A /* Project object */ = {
			isa = PBXProject;
			attributes = {
				LastUpgradeCheck = 0600;
				ORGANIZATIONNAME = OliRodd;
				TargetAttributes = {
					CC7BC35E19C269B90093176A = {
						CreatedOnToolsVersion = 6.0;
					};
					CC7BC37319C269B90093176A = {
						CreatedOnToolsVersion = 6.0;
						TestTargetID = CC7BC35E19C269B90093176A;
					};
				};
			};
			buildConfigurationList = CC7BC35A19C269B90093176A /* Build configuration list for PBXProject "WhatsSUPMenu" */;
			compatibilityVersion = "Xcode 3.2";
			developmentRegion = English;
			hasScannedForEncodings = 0;
			knownRegions = (
				en,
				Base,
			);
			mainGroup = CC7BC35619C269B90093176A;
			productRefGroup = CC7BC36019C269B90093176A /* Products */;
			projectDirPath = "";
			projectRoot = "";
			targets = (
				CC7BC35E19C269B90093176A /* WhatsSUPMenu */,
				CC7BC37319C269B90093176A /* WhatsSUPMenuTests */,
			);
		};
/* End PBXProject section */

/* Begin PBXResourcesBuildPhase section */
		CC7BC35D19C269B90093176A /* Resources */ = {
			isa = PBXResourcesBuildPhase;
			buildActionMask = 2147483647;
			files = (
				CC7BC36A19C269B90093176A /* Main.storyboard in Resources */,
				CC7BC36F19C269B90093176A /* LaunchScreen.xib in Resources */,
				CC7BC36C19C269B90093176A /* Images.xcassets in Resources */,
				CC7BC38519C26A7C0093176A /* menuWaves.png in Resources */,
				CC7BC38719C26B900093176A /* PoetsenOne-Regular.ttf in Resources */,
			);
			runOnlyForDeploymentPostprocessing = 0;
		};
		CC7BC37219C269B90093176A /* Resources */ = {
			isa = PBXResourcesBuildPhase;
			buildActionMask = 2147483647;
			files = (
			);
			runOnlyForDeploymentPostprocessing = 0;
		};
/* End PBXResourcesBuildPhase section */

/* Begin PBXSourcesBuildPhase section */
		CC7BC35B19C269B90093176A /* Sources */ = {
			isa = PBXSourcesBuildPhase;
			buildActionMask = 2147483647;
			files = (
				CC7BC36719C269B90093176A /* ViewController.swift in Sources */,
				CC7BC36519C269B90093176A /* AppDelegate.swift in Sources */,
			);
			runOnlyForDeploymentPostprocessing = 0;
		};
		CC7BC37019C269B90093176A /* Sources */ = {
			isa = PBXSourcesBuildPhase;
			buildActionMask = 2147483647;
			files = (
				CC7BC37B19C269B90093176A /* WhatsSUPMenuTests.swift in Sources */,
			);
			runOnlyForDeploymentPostprocessing = 0;
		};
/* End PBXSourcesBuildPhase section */

/* Begin PBXTargetDependency section */
		CC7BC37619C269B90093176A /* PBXTargetDependency */ = {
			isa = PBXTargetDependency;
			target = CC7BC35E19C269B90093176A /* WhatsSUPMenu */;
			targetProxy = CC7BC37519C269B90093176A /* PBXContainerItemProxy */;
		};
/* End PBXTargetDependency section */

/* Begin PBXVariantGroup section */
		CC7BC36819C269B90093176A /* Main.storyboard */ = {
			isa = PBXVariantGroup;
			children = (
				CC7BC36919C269B90093176A /* Base */,
			);
			name = Main.storyboard;
			sourceTree = "<group>";
		};
		CC7BC36D19C269B90093176A /* LaunchScreen.xib */ = {
			isa = PBXVariantGroup;
			children = (
				CC7BC36E19C269B90093176A /* Base */,
			);
			name = LaunchScreen.xib;
			sourceTree = "<group>";
		};
/* End PBXVariantGroup section */

/* Begin XCBuildConfiguration section */
		CC7BC37C19C269B90093176A /* Debug */ = {
			isa = XCBuildConfiguration;
			buildSettings = {
				ALWAYS_SEARCH_USER_PATHS = NO;
				CLANG_CXX_LANGUAGE_STANDARD = "gnu++0x";
				CLANG_CXX_LIBRARY = "libc++";
				CLANG_ENABLE_MODULES = YES;
				CLANG_ENABLE_OBJC_ARC = YES;
				CLANG_WARN_BOOL_CONVERSION = YES;
				CLANG_WARN_CONSTANT_CONVERSION = YES;
				CLANG_WARN_DIRECT_OBJC_ISA_USAGE = YES_ERROR;
				CLANG_WARN_EMPTY_BODY = YES;
				CLANG_WARN_ENUM_CONVERSION = YES;
				CLANG_WARN_INT_CONVERSION = YES;
				CLANG_WARN_OBJC_ROOT_CLASS = YES_ERROR;
				CLANG_WARN_UNREACHABLE_CODE = YES;
				CLANG_WARN__DUPLICATE_METHOD_MATCH = YES;
				"CODE_SIGN_IDENTITY[sdk=iphoneos*]" = "iPhone Developer";
				COPY_PHASE_STRIP = NO;
				ENABLE_STRICT_OBJC_MSGSEND = YES;
				GCC_C_LANGUAGE_STANDARD = gnu99;
				GCC_DYNAMIC_NO_PIC = NO;
				GCC_OPTIMIZATION_LEVEL = 0;
				GCC_PREPROCESSOR_DEFINITIONS = (
					"DEBUG=1",
					"$(inherited)",
				);
				GCC_SYMBOLS_PRIVATE_EXTERN = NO;
				GCC_WARN_64_TO_32_BIT_CONVERSION = YES;
				GCC_WARN_ABOUT_RETURN_TYPE = YES_ERROR;
				GCC_WARN_UNDECLARED_SELECTOR = YES;
				GCC_WARN_UNINITIALIZED_AUTOS = YES_AGGRESSIVE;
				GCC_WARN_UNUSED_FUNCTION = YES;
				GCC_WARN_UNUSED_VARIABLE = YES;
				IPHONEOS_DEPLOYMENT_TARGET = 8.0;
				MTL_ENABLE_DEBUG_INFO = YES;
				ONLY_ACTIVE_ARCH = YES;
				SDKROOT = iphoneos;
				SWIFT_OPTIMIZATION_LEVEL = "-Onone";
				TARGETED_DEVICE_FAMILY = "1,2";
			};
			name = Debug;
		};
		CC7BC37D19C269B90093176A /* Release */ = {
			isa = XCBuildConfiguration;
			buildSettings = {
				ALWAYS_SEARCH_USER_PATHS = NO;
				CLANG_CXX_LANGUAGE_STANDARD = "gnu++0x";
				CLANG_CXX_LIBRARY = "libc++";
				CLANG_ENABLE_MODULES = YES;
				CLANG_ENABLE_OBJC_ARC = YES;
				CLANG_WARN_BOOL_CONVERSION = YES;
				CLANG_WARN_CONSTANT_CONVERSION = YES;
				CLANG_WARN_DIRECT_OBJC_ISA_USAGE = YES_ERROR;
				CLANG_WARN_EMPTY_BODY = YES;
				CLANG_WARN_ENUM_CONVERSION = YES;
				CLANG_WARN_INT_CONVERSION = YES;
				CLANG_WARN_OBJC_ROOT_CLASS = YES_ERROR;
				CLANG_WARN_UNREACHABLE_CODE = YES;
				CLANG_WARN__DUPLICATE_METHOD_MATCH = YES;
				"CODE_SIGN_IDENTITY[sdk=iphoneos*]" = "iPhone Developer";
				COPY_PHASE_STRIP = YES;
				ENABLE_NS_ASSERTIONS = NO;
				ENABLE_STRICT_OBJC_MSGSEND = YES;
				GCC_C_LANGUAGE_STANDARD = gnu99;
				GCC_WARN_64_TO_32_BIT_CONVERSION = YES;
				GCC_WARN_ABOUT_RETURN_TYPE = YES_ERROR;
				GCC_WARN_UNDECLARED_SELECTOR = YES;
				GCC_WARN_UNINITIALIZED_AUTOS = YES_AGGRESSIVE;
				GCC_WARN_UNUSED_FUNCTION = YES;
				GCC_WARN_UNUSED_VARIABLE = YES;
				IPHONEOS_DEPLOYMENT_TARGET = 8.0;
				MTL_ENABLE_DEBUG_INFO = NO;
				SDKROOT = iphoneos;
				TARGETED_DEVICE_FAMILY = "1,2";
				VALIDATE_PRODUCT = YES;
			};
			name = Release;
		};
		CC7BC37F19C269B90093176A /* Debug */ = {
			isa = XCBuildConfiguration;
			buildSettings = {
				ASSETCATALOG_COMPILER_APPICON_NAME = AppIcon;
				INFOPLIST_FILE = WhatsSUPMenu/Info.plist;
				LD_RUNPATH_SEARCH_PATHS = "$(inherited) @executable_path/Frameworks";
				PRODUCT_NAME = "$(TARGET_NAME)";
			};
			name = Debug;
		};
		CC7BC38019C269B90093176A /* Release */ = {
			isa = XCBuildConfiguration;
			buildSettings = {
				ASSETCATALOG_COMPILER_APPICON_NAME = AppIcon;
				INFOPLIST_FILE = WhatsSUPMenu/Info.plist;
				LD_RUNPATH_SEARCH_PATHS = "$(inherited) @executable_path/Frameworks";
				PRODUCT_NAME = "$(TARGET_NAME)";
			};
			name = Release;
		};
		CC7BC38219C269B90093176A /* Debug */ = {
			isa = XCBuildConfiguration;
			buildSettings = {
				BUNDLE_LOADER = "$(TEST_HOST)";
				FRAMEWORK_SEARCH_PATHS = (
					"$(SDKROOT)/Developer/Library/Frameworks",
					"$(inherited)",
				);
				GCC_PREPROCESSOR_DEFINITIONS = (
					"DEBUG=1",
					"$(inherited)",
				);
				INFOPLIST_FILE = WhatsSUPMenuTests/Info.plist;
				LD_RUNPATH_SEARCH_PATHS = "$(inherited) @executable_path/Frameworks @loader_path/Frameworks";
				PRODUCT_NAME = "$(TARGET_NAME)";
				TEST_HOST = "$(BUILT_PRODUCTS_DIR)/WhatsSUPMenu.app/WhatsSUPMenu";
			};
			name = Debug;
		};
		CC7BC38319C269B90093176A /* Release */ = {
			isa = XCBuildConfiguration;
			buildSettings = {
				BUNDLE_LOADER = "$(TEST_HOST)";
				FRAMEWORK_SEARCH_PATHS = (
					"$(SDKROOT)/Developer/Library/Frameworks",
					"$(inherited)",
				);
				INFOPLIST_FILE = WhatsSUPMenuTests/Info.plist;
				LD_RUNPATH_SEARCH_PATHS = "$(inherited) @executable_path/Frameworks @loader_path/Frameworks";
				PRODUCT_NAME = "$(TARGET_NAME)";
				TEST_HOST = "$(BUILT_PRODUCTS_DIR)/WhatsSUPMenu.app/WhatsSUPMenu";
			};
			name = Release;
		};
/* End XCBuildConfiguration section */

/* Begin XCConfigurationList section */
		CC7BC35A19C269B90093176A /* Build configuration list for PBXProject "WhatsSUPMenu" */ = {
			isa = XCConfigurationList;
			buildConfigurations = (
				CC7BC37C19C269B90093176A /* Debug */,
				CC7BC37D19C269B90093176A /* Release */,
			);
			defaultConfigurationIsVisible = 0;
			defaultConfigurationName = Release;
		};
		CC7BC37E19C269B90093176A /* Build configuration list for PBXNativeTarget "WhatsSUPMenu" */ = {
			isa = XCConfigurationList;
			buildConfigurations = (
				CC7BC37F19C269B90093176A /* Debug */,
				CC7BC38019C269B90093176A /* Release */,
			);
			defaultConfigurationIsVisible = 0;
		};
		CC7BC38119C269B90093176A /* Build configuration list for PBXNativeTarget "WhatsSUPMenuTests" */ = {
			isa = XCConfigurationList;
			buildConfigurations = (
				CC7BC38219C269B90093176A /* Debug */,
				CC7BC38319C269B90093176A /* Release */,
			);
			defaultConfigurationIsVisible = 0;
		};
/* End XCConfigurationList section */
	};
	rootObject = CC7BC35719C269B90093176A /* Project object */;
}
