// !$*UTF8*$!
{
	archiveVersion = 1;
	classes = {
	};
	objectVersion = 46;
	objects = {

/* Begin PBXBuildFile section */
		660273F719EE74F70096FB4C /* Universal.storyboard in Resources */ = {isa = PBXBuildFile; fileRef = 660273F619EE74F70096FB4C /* Universal.storyboard */; };
		660273F919EE8D4E0096FB4C /* iAd.framework in Frameworks */ = {isa = PBXBuildFile; fileRef = 660273F819EE8D4E0096FB4C /* iAd.framework */; };
		6617CE7219DAB8CA00436573 /* ClientController.m in Sources */ = {isa = PBXBuildFile; fileRef = 6617CE7119DAB8CA00436573 /* ClientController.m */; };
		6617CE7519DAC3C300436573 /* LikeMasterViewController.m in Sources */ = {isa = PBXBuildFile; fileRef = 6617CE7419DAC3C300436573 /* LikeMasterViewController.m */; };
		6620BA9F19D4129E0095C9B7 /* main.m in Sources */ = {isa = PBXBuildFile; fileRef = 6620BA9E19D4129E0095C9B7 /* main.m */; };
		6620BAA219D4129E0095C9B7 /* AppDelegate.m in Sources */ = {isa = PBXBuildFile; fileRef = 6620BAA119D4129E0095C9B7 /* AppDelegate.m */; };
		6620BAA519D4129E0095C9B7 /* AutoViewController.m in Sources */ = {isa = PBXBuildFile; fileRef = 6620BAA419D4129E0095C9B7 /* AutoViewController.m */; };
		6620BAA819D4129E0095C9B7 /* Main.storyboard in Resources */ = {isa = PBXBuildFile; fileRef = 6620BAA619D4129E0095C9B7 /* Main.storyboard */; };
		6620BAAA19D4129E0095C9B7 /* Images.xcassets in Resources */ = {isa = PBXBuildFile; fileRef = 6620BAA919D4129E0095C9B7 /* Images.xcassets */; };
		6620BAAD19D4129E0095C9B7 /* LaunchScreen.xib in Resources */ = {isa = PBXBuildFile; fileRef = 6620BAAB19D4129E0095C9B7 /* LaunchScreen.xib */; };
		6620BAB919D4129E0095C9B7 /* GramManagerTests.m in Sources */ = {isa = PBXBuildFile; fileRef = 6620BAB819D4129E0095C9B7 /* GramManagerTests.m */; };
		66244E5519F8EEC700B5D54C /* AlertLabel.m in Sources */ = {isa = PBXBuildFile; fileRef = 66244E5419F8EEC700B5D54C /* AlertLabel.m */; };
		66244E5819F9196700B5D54C /* UserProfile.m in Sources */ = {isa = PBXBuildFile; fileRef = 66244E5719F9196700B5D54C /* UserProfile.m */; };
		663D2D5D19E6DC5600FF43EE /* ProfileViewController.m in Sources */ = {isa = PBXBuildFile; fileRef = 663D2D5C19E6DC5600FF43EE /* ProfileViewController.m */; };
		663D2D6819E6E8FB00FF43EE /* profileIcon.png in Resources */ = {isa = PBXBuildFile; fileRef = 663D2D6719E6E8FB00FF43EE /* profileIcon.png */; };
		665EBBC919D5BA5600B23652 /* Insta.m in Sources */ = {isa = PBXBuildFile; fileRef = 665EBBC819D5BA5600B23652 /* Insta.m */; };
		667608BF19DD619F00E22208 /* Menu.m in Sources */ = {isa = PBXBuildFile; fileRef = 667608BE19DD619F00E22208 /* Menu.m */; };
		66A28DF819DB02340067CD5E /* manualIcon.png in Resources */ = {isa = PBXBuildFile; fileRef = 66A28DF719DB02340067CD5E /* manualIcon.png */; };
		66A28DFC19DB02700067CD5E /* autoIcon.png in Resources */ = {isa = PBXBuildFile; fileRef = 66A28DFB19DB02700067CD5E /* autoIcon.png */; };
		66A28E6A19DB0BEE0067CD5E /* Model.xcdatamodeld in Sources */ = {isa = PBXBuildFile; fileRef = 66A28E6819DB0BEE0067CD5E /* Model.xcdatamodeld */; };
		66A28E7B19DB114C0067CD5E /* ModelHelper.m in Sources */ = {isa = PBXBuildFile; fileRef = 66A28E7A19DB114C0067CD5E /* ModelHelper.m */; };
		66EB660F19DC4F8D00C62A1D /* LikedPost+Helper.m in Sources */ = {isa = PBXBuildFile; fileRef = 66EB660E19DC4F8D00C62A1D /* LikedPost+Helper.m */; };
		66EB661219DC4FDC00C62A1D /* UserProfile+Helper.m in Sources */ = {isa = PBXBuildFile; fileRef = 66EB661119DC4FDC00C62A1D /* UserProfile+Helper.m */; };
		66EB662119DC5AF900C62A1D /* LikedPost.m in Sources */ = {isa = PBXBuildFile; fileRef = 66EB662019DC5AF900C62A1D /* LikedPost.m */; };
		66F032E119EFFDC300E5DF9B /* ImageDownloader.m in Sources */ = {isa = PBXBuildFile; fileRef = 66F032E019EFFDC300E5DF9B /* ImageDownloader.m */; };
		66F597B219DEB8D400C305E5 /* LoginViewController.m in Sources */ = {isa = PBXBuildFile; fileRef = 66F597B119DEB8D400C305E5 /* LoginViewController.m */; };
		66FA06FA19D998710081C68E /* ManualGridViewController.m in Sources */ = {isa = PBXBuildFile; fileRef = 66FA06F919D998710081C68E /* ManualGridViewController.m */; };
		66FA06FD19D99C6D0081C68E /* PostCollectionViewCell.m in Sources */ = {isa = PBXBuildFile; fileRef = 66FA06FC19D99C6D0081C68E /* PostCollectionViewCell.m */; };
		CC2B60A619E81B0A00F3A5C9 /* MasterViewController.m in Sources */ = {isa = PBXBuildFile; fileRef = CC2B60A519E81B0A00F3A5C9 /* MasterViewController.m */; };
		CC57F2E21A1D4CEB00DE0E8B /* MenuViewController.m in Sources */ = {isa = PBXBuildFile; fileRef = CC57F2E11A1D4CEB00DE0E8B /* MenuViewController.m */; };
		CC57F2E71A1D4D2100DE0E8B /* CircleCounterView.m in Sources */ = {isa = PBXBuildFile; fileRef = CC57F2E41A1D4D2100DE0E8B /* CircleCounterView.m */; };
		CC57F2E81A1D4D2100DE0E8B /* CircleDownCounter.m in Sources */ = {isa = PBXBuildFile; fileRef = CC57F2E61A1D4D2100DE0E8B /* CircleDownCounter.m */; };
		CCAF95DD19D6E93300A92468 /* Post.m in Sources */ = {isa = PBXBuildFile; fileRef = CCAF95DC19D6E93300A92468 /* Post.m */; };
/* End PBXBuildFile section */

/* Begin PBXContainerItemProxy section */
		6620BAB319D4129E0095C9B7 /* PBXContainerItemProxy */ = {
			isa = PBXContainerItemProxy;
			containerPortal = 6620BA9119D4129E0095C9B7 /* Project object */;
			proxyType = 1;
			remoteGlobalIDString = 6620BA9819D4129E0095C9B7;
			remoteInfo = GramManager;
		};
/* End PBXContainerItemProxy section */

/* Begin PBXFileReference section */
		660273F619EE74F70096FB4C /* Universal.storyboard */ = {isa = PBXFileReference; fileEncoding = 4; lastKnownFileType = file.storyboard; path = Universal.storyboard; sourceTree = "<group>"; };
		660273F819EE8D4E0096FB4C /* iAd.framework */ = {isa = PBXFileReference; lastKnownFileType = wrapper.framework; name = iAd.framework; path = System/Library/Frameworks/iAd.framework; sourceTree = SDKROOT; };
		6617CE7019DAB8CA00436573 /* ClientController.h */ = {isa = PBXFileReference; fileEncoding = 4; lastKnownFileType = sourcecode.c.h; path = ClientController.h; sourceTree = "<group>"; };
		6617CE7119DAB8CA00436573 /* ClientController.m */ = {isa = PBXFileReference; fileEncoding = 4; lastKnownFileType = sourcecode.c.objc; path = ClientController.m; sourceTree = "<group>"; };
		6617CE7319DAC3C300436573 /* LikeMasterViewController.h */ = {isa = PBXFileReference; fileEncoding = 4; lastKnownFileType = sourcecode.c.h; path = LikeMasterViewController.h; sourceTree = "<group>"; };
		6617CE7419DAC3C300436573 /* LikeMasterViewController.m */ = {isa = PBXFileReference; fileEncoding = 4; lastKnownFileType = sourcecode.c.objc; path = LikeMasterViewController.m; sourceTree = "<group>"; };
		6620BA9919D4129E0095C9B7 /* awnty.app */ = {isa = PBXFileReference; explicitFileType = wrapper.application; includeInIndex = 0; path = awnty.app; sourceTree = BUILT_PRODUCTS_DIR; };
		6620BA9D19D4129E0095C9B7 /* Info.plist */ = {isa = PBXFileReference; lastKnownFileType = text.plist.xml; path = Info.plist; sourceTree = "<group>"; };
		6620BA9E19D4129E0095C9B7 /* main.m */ = {isa = PBXFileReference; lastKnownFileType = sourcecode.c.objc; path = main.m; sourceTree = "<group>"; };
		6620BAA019D4129E0095C9B7 /* AppDelegate.h */ = {isa = PBXFileReference; lastKnownFileType = sourcecode.c.h; path = AppDelegate.h; sourceTree = "<group>"; };
		6620BAA119D4129E0095C9B7 /* AppDelegate.m */ = {isa = PBXFileReference; lastKnownFileType = sourcecode.c.objc; path = AppDelegate.m; sourceTree = "<group>"; };
		6620BAA319D4129E0095C9B7 /* AutoViewController.h */ = {isa = PBXFileReference; lastKnownFileType = sourcecode.c.h; path = AutoViewController.h; sourceTree = "<group>"; };
		6620BAA419D4129E0095C9B7 /* AutoViewController.m */ = {isa = PBXFileReference; lastKnownFileType = sourcecode.c.objc; path = AutoViewController.m; sourceTree = "<group>"; };
		6620BAA719D4129E0095C9B7 /* Base */ = {isa = PBXFileReference; lastKnownFileType = file.storyboard; name = Base; path = Base.lproj/Main.storyboard; sourceTree = "<group>"; };
		6620BAA919D4129E0095C9B7 /* Images.xcassets */ = {isa = PBXFileReference; lastKnownFileType = folder.assetcatalog; path = Images.xcassets; sourceTree = "<group>"; };
		6620BAAC19D4129E0095C9B7 /* Base */ = {isa = PBXFileReference; lastKnownFileType = file.xib; name = Base; path = Base.lproj/LaunchScreen.xib; sourceTree = "<group>"; };
		6620BAB219D4129E0095C9B7 /* GramManagerTests.xctest */ = {isa = PBXFileReference; explicitFileType = wrapper.cfbundle; includeInIndex = 0; path = GramManagerTests.xctest; sourceTree = BUILT_PRODUCTS_DIR; };
		6620BAB719D4129E0095C9B7 /* Info.plist */ = {isa = PBXFileReference; lastKnownFileType = text.plist.xml; path = Info.plist; sourceTree = "<group>"; };
		6620BAB819D4129E0095C9B7 /* GramManagerTests.m */ = {isa = PBXFileReference; lastKnownFileType = sourcecode.c.objc; path = GramManagerTests.m; sourceTree = "<group>"; };
		66244E5319F8EEC700B5D54C /* AlertLabel.h */ = {isa = PBXFileReference; fileEncoding = 4; lastKnownFileType = sourcecode.c.h; path = AlertLabel.h; sourceTree = "<group>"; };
		66244E5419F8EEC700B5D54C /* AlertLabel.m */ = {isa = PBXFileReference; fileEncoding = 4; lastKnownFileType = sourcecode.c.objc; path = AlertLabel.m; sourceTree = "<group>"; };
		66244E5619F9196700B5D54C /* UserProfile.h */ = {isa = PBXFileReference; fileEncoding = 4; lastKnownFileType = sourcecode.c.h; path = UserProfile.h; sourceTree = "<group>"; };
		66244E5719F9196700B5D54C /* UserProfile.m */ = {isa = PBXFileReference; fileEncoding = 4; lastKnownFileType = sourcecode.c.objc; path = UserProfile.m; sourceTree = "<group>"; };
		663D2D5B19E6DC5600FF43EE /* ProfileViewController.h */ = {isa = PBXFileReference; fileEncoding = 4; lastKnownFileType = sourcecode.c.h; path = ProfileViewController.h; sourceTree = "<group>"; };
		663D2D5C19E6DC5600FF43EE /* ProfileViewController.m */ = {isa = PBXFileReference; fileEncoding = 4; lastKnownFileType = sourcecode.c.objc; path = ProfileViewController.m; sourceTree = "<group>"; };
		663D2D6719E6E8FB00FF43EE /* profileIcon.png */ = {isa = PBXFileReference; lastKnownFileType = image.png; path = profileIcon.png; sourceTree = "<group>"; };
		665EBBC719D5BA5600B23652 /* Insta.h */ = {isa = PBXFileReference; fileEncoding = 4; lastKnownFileType = sourcecode.c.h; path = Insta.h; sourceTree = "<group>"; };
		665EBBC819D5BA5600B23652 /* Insta.m */ = {isa = PBXFileReference; fileEncoding = 4; lastKnownFileType = sourcecode.c.objc; path = Insta.m; sourceTree = "<group>"; };
		667608BD19DD619F00E22208 /* Menu.h */ = {isa = PBXFileReference; fileEncoding = 4; lastKnownFileType = sourcecode.c.h; path = Menu.h; sourceTree = "<group>"; };
		667608BE19DD619F00E22208 /* Menu.m */ = {isa = PBXFileReference; fileEncoding = 4; lastKnownFileType = sourcecode.c.objc; path = Menu.m; sourceTree = "<group>"; };
		66A28DF719DB02340067CD5E /* manualIcon.png */ = {isa = PBXFileReference; lastKnownFileType = image.png; path = manualIcon.png; sourceTree = "<group>"; };
		66A28DFB19DB02700067CD5E /* autoIcon.png */ = {isa = PBXFileReference; lastKnownFileType = image.png; path = autoIcon.png; sourceTree = "<group>"; };
		66A28E6919DB0BEE0067CD5E /* Model.xcdatamodel */ = {isa = PBXFileReference; lastKnownFileType = wrapper.xcdatamodel; path = Model.xcdatamodel; sourceTree = "<group>"; };
		66A28E7919DB114C0067CD5E /* ModelHelper.h */ = {isa = PBXFileReference; fileEncoding = 4; lastKnownFileType = sourcecode.c.h; path = ModelHelper.h; sourceTree = "<group>"; };
		66A28E7A19DB114C0067CD5E /* ModelHelper.m */ = {isa = PBXFileReference; fileEncoding = 4; lastKnownFileType = sourcecode.c.objc; path = ModelHelper.m; sourceTree = "<group>"; };
		66EB660D19DC4F8D00C62A1D /* LikedPost+Helper.h */ = {isa = PBXFileReference; fileEncoding = 4; lastKnownFileType = sourcecode.c.h; path = "LikedPost+Helper.h"; sourceTree = "<group>"; };
		66EB660E19DC4F8D00C62A1D /* LikedPost+Helper.m */ = {isa = PBXFileReference; fileEncoding = 4; lastKnownFileType = sourcecode.c.objc; path = "LikedPost+Helper.m"; sourceTree = "<group>"; };
		66EB661019DC4FDC00C62A1D /* UserProfile+Helper.h */ = {isa = PBXFileReference; fileEncoding = 4; lastKnownFileType = sourcecode.c.h; path = "UserProfile+Helper.h"; sourceTree = "<group>"; };
		66EB661119DC4FDC00C62A1D /* UserProfile+Helper.m */ = {isa = PBXFileReference; fileEncoding = 4; lastKnownFileType = sourcecode.c.objc; path = "UserProfile+Helper.m"; sourceTree = "<group>"; };
		66EB661F19DC5AF900C62A1D /* LikedPost.h */ = {isa = PBXFileReference; fileEncoding = 4; lastKnownFileType = sourcecode.c.h; path = LikedPost.h; sourceTree = "<group>"; };
		66EB662019DC5AF900C62A1D /* LikedPost.m */ = {isa = PBXFileReference; fileEncoding = 4; lastKnownFileType = sourcecode.c.objc; path = LikedPost.m; sourceTree = "<group>"; };
		66F032DF19EFFDC300E5DF9B /* ImageDownloader.h */ = {isa = PBXFileReference; fileEncoding = 4; lastKnownFileType = sourcecode.c.h; path = ImageDownloader.h; sourceTree = "<group>"; };
		66F032E019EFFDC300E5DF9B /* ImageDownloader.m */ = {isa = PBXFileReference; fileEncoding = 4; lastKnownFileType = sourcecode.c.objc; path = ImageDownloader.m; sourceTree = "<group>"; };
		66F597B019DEB8D400C305E5 /* LoginViewController.h */ = {isa = PBXFileReference; fileEncoding = 4; lastKnownFileType = sourcecode.c.h; path = LoginViewController.h; sourceTree = "<group>"; };
		66F597B119DEB8D400C305E5 /* LoginViewController.m */ = {isa = PBXFileReference; fileEncoding = 4; lastKnownFileType = sourcecode.c.objc; path = LoginViewController.m; sourceTree = "<group>"; };
		66FA06F819D998710081C68E /* ManualGridViewController.h */ = {isa = PBXFileReference; fileEncoding = 4; lastKnownFileType = sourcecode.c.h; path = ManualGridViewController.h; sourceTree = "<group>"; };
		66FA06F919D998710081C68E /* ManualGridViewController.m */ = {isa = PBXFileReference; fileEncoding = 4; lastKnownFileType = sourcecode.c.objc; path = ManualGridViewController.m; sourceTree = "<group>"; };
		66FA06FB19D99C6D0081C68E /* PostCollectionViewCell.h */ = {isa = PBXFileReference; fileEncoding = 4; lastKnownFileType = sourcecode.c.h; path = PostCollectionViewCell.h; sourceTree = "<group>"; };
		66FA06FC19D99C6D0081C68E /* PostCollectionViewCell.m */ = {isa = PBXFileReference; fileEncoding = 4; lastKnownFileType = sourcecode.c.objc; path = PostCollectionViewCell.m; sourceTree = "<group>"; };
		CC2B60A419E81B0A00F3A5C9 /* MasterViewController.h */ = {isa = PBXFileReference; fileEncoding = 4; lastKnownFileType = sourcecode.c.h; path = MasterViewController.h; sourceTree = "<group>"; };
		CC2B60A519E81B0A00F3A5C9 /* MasterViewController.m */ = {isa = PBXFileReference; fileEncoding = 4; lastKnownFileType = sourcecode.c.objc; path = MasterViewController.m; sourceTree = "<group>"; };
		CC57F2E01A1D4CEB00DE0E8B /* MenuViewController.h */ = {isa = PBXFileReference; fileEncoding = 4; lastKnownFileType = sourcecode.c.h; path = MenuViewController.h; sourceTree = "<group>"; };
		CC57F2E11A1D4CEB00DE0E8B /* MenuViewController.m */ = {isa = PBXFileReference; fileEncoding = 4; lastKnownFileType = sourcecode.c.objc; path = MenuViewController.m; sourceTree = "<group>"; };
		CC57F2E31A1D4D2100DE0E8B /* CircleCounterView.h */ = {isa = PBXFileReference; fileEncoding = 4; lastKnownFileType = sourcecode.c.h; path = CircleCounterView.h; sourceTree = "<group>"; };
		CC57F2E41A1D4D2100DE0E8B /* CircleCounterView.m */ = {isa = PBXFileReference; fileEncoding = 4; lastKnownFileType = sourcecode.c.objc; path = CircleCounterView.m; sourceTree = "<group>"; };
		CC57F2E51A1D4D2100DE0E8B /* CircleDownCounter.h */ = {isa = PBXFileReference; fileEncoding = 4; lastKnownFileType = sourcecode.c.h; path = CircleDownCounter.h; sourceTree = "<group>"; };
		CC57F2E61A1D4D2100DE0E8B /* CircleDownCounter.m */ = {isa = PBXFileReference; fileEncoding = 4; lastKnownFileType = sourcecode.c.objc; path = CircleDownCounter.m; sourceTree = "<group>"; };
		CCAF95DB19D6E93300A92468 /* Post.h */ = {isa = PBXFileReference; fileEncoding = 4; lastKnownFileType = sourcecode.c.h; path = Post.h; sourceTree = "<group>"; };
		CCAF95DC19D6E93300A92468 /* Post.m */ = {isa = PBXFileReference; fileEncoding = 4; lastKnownFileType = sourcecode.c.objc; path = Post.m; sourceTree = "<group>"; };
/* End PBXFileReference section */

/* Begin PBXFrameworksBuildPhase section */
		6620BA9619D4129E0095C9B7 /* Frameworks */ = {
			isa = PBXFrameworksBuildPhase;
			buildActionMask = 2147483647;
			files = (
				660273F919EE8D4E0096FB4C /* iAd.framework in Frameworks */,
			);
			runOnlyForDeploymentPostprocessing = 0;
		};
		6620BAAF19D4129E0095C9B7 /* Frameworks */ = {
			isa = PBXFrameworksBuildPhase;
			buildActionMask = 2147483647;
			files = (
			);
			runOnlyForDeploymentPostprocessing = 0;
		};
/* End PBXFrameworksBuildPhase section */

/* Begin PBXGroup section */
		6620BA9019D4129E0095C9B7 = {
			isa = PBXGroup;
			children = (
				660273F819EE8D4E0096FB4C /* iAd.framework */,
				6620BA9B19D4129E0095C9B7 /* GramManager */,
				6620BAB519D4129E0095C9B7 /* GramManagerTests */,
			);
			sourceTree = "<group>";
		};
		6620BA9A19D4129E0095C9B7 /* Products */ = {
			isa = PBXGroup;
			children = (
				6620BA9919D4129E0095C9B7 /* awnty.app */,
				6620BAB219D4129E0095C9B7 /* GramManagerTests.xctest */,
			);
			name = Products;
			path = ..;
			sourceTree = "<group>";
		};
		6620BA9B19D4129E0095C9B7 /* GramManager */ = {
			isa = PBXGroup;
			children = (
				66A28E7219DB0DF90067CD5E /* CoreData */,
				6620BAA019D4129E0095C9B7 /* AppDelegate.h */,
				6620BAA119D4129E0095C9B7 /* AppDelegate.m */,
				66FA06FE19D99E700081C68E /* Utils */,
				66A28DF119DAF9100067CD5E /* UI */,
				66A28DF219DAF91F0067CD5E /* Objects */,
				66A28DFD19DB027C0067CD5E /* Resources */,
				6620BAA619D4129E0095C9B7 /* Main.storyboard */,
				660273F619EE74F70096FB4C /* Universal.storyboard */,
				6620BAA919D4129E0095C9B7 /* Images.xcassets */,
				6620BAAB19D4129E0095C9B7 /* LaunchScreen.xib */,
				6620BA9C19D4129E0095C9B7 /* Supporting Files */,
			);
			path = GramManager;
			sourceTree = "<group>";
		};
		6620BA9C19D4129E0095C9B7 /* Supporting Files */ = {
			isa = PBXGroup;
			children = (
				6620BA9D19D4129E0095C9B7 /* Info.plist */,
				6620BA9E19D4129E0095C9B7 /* main.m */,
			);
			name = "Supporting Files";
			sourceTree = "<group>";
		};
		6620BAB519D4129E0095C9B7 /* GramManagerTests */ = {
			isa = PBXGroup;
			children = (
				6620BA9A19D4129E0095C9B7 /* Products */,
				6620BAB819D4129E0095C9B7 /* GramManagerTests.m */,
				6620BAB619D4129E0095C9B7 /* Supporting Files */,
			);
			path = GramManagerTests;
			sourceTree = "<group>";
		};
		6620BAB619D4129E0095C9B7 /* Supporting Files */ = {
			isa = PBXGroup;
			children = (
				6620BAB719D4129E0095C9B7 /* Info.plist */,
			);
			name = "Supporting Files";
			sourceTree = "<group>";
		};
		663D2D6419E6E39900FF43EE /* ViewControllers */ = {
			isa = PBXGroup;
			children = (
				CC2B60A419E81B0A00F3A5C9 /* MasterViewController.h */,
				CC2B60A519E81B0A00F3A5C9 /* MasterViewController.m */,
				6617CE7319DAC3C300436573 /* LikeMasterViewController.h */,
				6617CE7419DAC3C300436573 /* LikeMasterViewController.m */,
				66FA06F819D998710081C68E /* ManualGridViewController.h */,
				66FA06F919D998710081C68E /* ManualGridViewController.m */,
				6620BAA319D4129E0095C9B7 /* AutoViewController.h */,
				6620BAA419D4129E0095C9B7 /* AutoViewController.m */,
				663D2D5B19E6DC5600FF43EE /* ProfileViewController.h */,
				663D2D5C19E6DC5600FF43EE /* ProfileViewController.m */,
				66F597B019DEB8D400C305E5 /* LoginViewController.h */,
				66F597B119DEB8D400C305E5 /* LoginViewController.m */,
				CC57F2E01A1D4CEB00DE0E8B /* MenuViewController.h */,
				CC57F2E11A1D4CEB00DE0E8B /* MenuViewController.m */,
			);
			name = ViewControllers;
			sourceTree = "<group>";
		};
		66A28DF119DAF9100067CD5E /* UI */ = {
			isa = PBXGroup;
			children = (
				663D2D6419E6E39900FF43EE /* ViewControllers */,
				66FA06FB19D99C6D0081C68E /* PostCollectionViewCell.h */,
				66FA06FC19D99C6D0081C68E /* PostCollectionViewCell.m */,
				66244E5319F8EEC700B5D54C /* AlertLabel.h */,
				66244E5419F8EEC700B5D54C /* AlertLabel.m */,
				667608BD19DD619F00E22208 /* Menu.h */,
				667608BE19DD619F00E22208 /* Menu.m */,
				CC57F2E31A1D4D2100DE0E8B /* CircleCounterView.h */,
				CC57F2E41A1D4D2100DE0E8B /* CircleCounterView.m */,
				CC57F2E51A1D4D2100DE0E8B /* CircleDownCounter.h */,
				CC57F2E61A1D4D2100DE0E8B /* CircleDownCounter.m */,
			);
			name = UI;
			sourceTree = "<group>";
		};
		66A28DF219DAF91F0067CD5E /* Objects */ = {
			isa = PBXGroup;
			children = (
				CCAF95DB19D6E93300A92468 /* Post.h */,
				CCAF95DC19D6E93300A92468 /* Post.m */,
			);
			name = Objects;
			sourceTree = "<group>";
		};
		66A28DFD19DB027C0067CD5E /* Resources */ = {
			isa = PBXGroup;
			children = (
				66A28E6B19DB0BF70067CD5E /* Images */,
			);
			name = Resources;
			sourceTree = "<group>";
		};
		66A28E6B19DB0BF70067CD5E /* Images */ = {
			isa = PBXGroup;
			children = (
				66A28DF719DB02340067CD5E /* manualIcon.png */,
				66A28DFB19DB02700067CD5E /* autoIcon.png */,
				663D2D6719E6E8FB00FF43EE /* profileIcon.png */,
			);
			name = Images;
			sourceTree = "<group>";
		};
		66A28E7219DB0DF90067CD5E /* CoreData */ = {
			isa = PBXGroup;
			children = (
				66EB660919DC4EE600C62A1D /* Helpers */,
				66EB660819DC4ED600C62A1D /* Generated Classes */,
				66A28E6819DB0BEE0067CD5E /* Model.xcdatamodeld */,
			);
			name = CoreData;
			sourceTree = "<group>";
		};
		66EB660819DC4ED600C62A1D /* Generated Classes */ = {
			isa = PBXGroup;
			children = (
				66EB661F19DC5AF900C62A1D /* LikedPost.h */,
				66EB662019DC5AF900C62A1D /* LikedPost.m */,
				66244E5619F9196700B5D54C /* UserProfile.h */,
				66244E5719F9196700B5D54C /* UserProfile.m */,
			);
			name = "Generated Classes";
			sourceTree = "<group>";
		};
		66EB660919DC4EE600C62A1D /* Helpers */ = {
			isa = PBXGroup;
			children = (
				66A28E7919DB114C0067CD5E /* ModelHelper.h */,
				66A28E7A19DB114C0067CD5E /* ModelHelper.m */,
				66EB660D19DC4F8D00C62A1D /* LikedPost+Helper.h */,
				66EB660E19DC4F8D00C62A1D /* LikedPost+Helper.m */,
				66EB661019DC4FDC00C62A1D /* UserProfile+Helper.h */,
				66EB661119DC4FDC00C62A1D /* UserProfile+Helper.m */,
			);
			name = Helpers;
			sourceTree = "<group>";
		};
		66FA06FE19D99E700081C68E /* Utils */ = {
			isa = PBXGroup;
			children = (
				665EBBC719D5BA5600B23652 /* Insta.h */,
				665EBBC819D5BA5600B23652 /* Insta.m */,
				6617CE7019DAB8CA00436573 /* ClientController.h */,
				6617CE7119DAB8CA00436573 /* ClientController.m */,
				66F032DF19EFFDC300E5DF9B /* ImageDownloader.h */,
				66F032E019EFFDC300E5DF9B /* ImageDownloader.m */,
			);
			name = Utils;
			sourceTree = "<group>";
		};
/* End PBXGroup section */

/* Begin PBXNativeTarget section */
		6620BA9819D4129E0095C9B7 /* GramManager */ = {
			isa = PBXNativeTarget;
			buildConfigurationList = 6620BABC19D4129E0095C9B7 /* Build configuration list for PBXNativeTarget "GramManager" */;
			buildPhases = (
				6620BA9519D4129E0095C9B7 /* Sources */,
				6620BA9619D4129E0095C9B7 /* Frameworks */,
				6620BA9719D4129E0095C9B7 /* Resources */,
			);
			buildRules = (
			);
			dependencies = (
			);
			name = GramManager;
			productName = GramManager;
			productReference = 6620BA9919D4129E0095C9B7 /* awnty.app */;
			productType = "com.apple.product-type.application";
		};
		6620BAB119D4129E0095C9B7 /* GramManagerTests */ = {
			isa = PBXNativeTarget;
			buildConfigurationList = 6620BABF19D4129E0095C9B7 /* Build configuration list for PBXNativeTarget "GramManagerTests" */;
			buildPhases = (
				6620BAAE19D4129E0095C9B7 /* Sources */,
				6620BAAF19D4129E0095C9B7 /* Frameworks */,
				6620BAB019D4129E0095C9B7 /* Resources */,
			);
			buildRules = (
			);
			dependencies = (
				6620BAB419D4129E0095C9B7 /* PBXTargetDependency */,
			);
			name = GramManagerTests;
			productName = GramManagerTests;
			productReference = 6620BAB219D4129E0095C9B7 /* GramManagerTests.xctest */;
			productType = "com.apple.product-type.bundle.unit-test";
		};
/* End PBXNativeTarget section */

/* Begin PBXProject section */
		6620BA9119D4129E0095C9B7 /* Project object */ = {
			isa = PBXProject;
			attributes = {
				LastUpgradeCheck = 0600;
				ORGANIZATIONNAME = "Oliver Rodden";
				TargetAttributes = {
					6620BA9819D4129E0095C9B7 = {
						CreatedOnToolsVersion = 6.0.1;
						DevelopmentTeam = 59SRS4L8V3;
						SystemCapabilities = {
							com.apple.BackgroundModes = {
								enabled = 1;
							};
						};
					};
					6620BAB119D4129E0095C9B7 = {
						CreatedOnToolsVersion = 6.0.1;
						TestTargetID = 6620BA9819D4129E0095C9B7;
					};
				};
			};
			buildConfigurationList = 6620BA9419D4129E0095C9B7 /* Build configuration list for PBXProject "GramManager" */;
			compatibilityVersion = "Xcode 3.2";
			developmentRegion = English;
			hasScannedForEncodings = 0;
			knownRegions = (
				en,
				Base,
			);
			mainGroup = 6620BA9019D4129E0095C9B7;
			productRefGroup = 6620BA9A19D4129E0095C9B7 /* Products */;
			projectDirPath = "";
			projectRoot = "";
			targets = (
				6620BA9819D4129E0095C9B7 /* GramManager */,
				6620BAB119D4129E0095C9B7 /* GramManagerTests */,
			);
		};
/* End PBXProject section */

/* Begin PBXResourcesBuildPhase section */
		6620BA9719D4129E0095C9B7 /* Resources */ = {
			isa = PBXResourcesBuildPhase;
			buildActionMask = 2147483647;
			files = (
				66A28DF819DB02340067CD5E /* manualIcon.png in Resources */,
				66A28DFC19DB02700067CD5E /* autoIcon.png in Resources */,
				663D2D6819E6E8FB00FF43EE /* profileIcon.png in Resources */,
				6620BAA819D4129E0095C9B7 /* Main.storyboard in Resources */,
				6620BAAD19D4129E0095C9B7 /* LaunchScreen.xib in Resources */,
				6620BAAA19D4129E0095C9B7 /* Images.xcassets in Resources */,
				660273F719EE74F70096FB4C /* Universal.storyboard in Resources */,
			);
			runOnlyForDeploymentPostprocessing = 0;
		};
		6620BAB019D4129E0095C9B7 /* Resources */ = {
			isa = PBXResourcesBuildPhase;
			buildActionMask = 2147483647;
			files = (
			);
			runOnlyForDeploymentPostprocessing = 0;
		};
/* End PBXResourcesBuildPhase section */

/* Begin PBXSourcesBuildPhase section */
		6620BA9519D4129E0095C9B7 /* Sources */ = {
			isa = PBXSourcesBuildPhase;
			buildActionMask = 2147483647;
			files = (
				66FA06FA19D998710081C68E /* ManualGridViewController.m in Sources */,
				6620BAA519D4129E0095C9B7 /* AutoViewController.m in Sources */,
				667608BF19DD619F00E22208 /* Menu.m in Sources */,
				66244E5519F8EEC700B5D54C /* AlertLabel.m in Sources */,
				CCAF95DD19D6E93300A92468 /* Post.m in Sources */,

				66EB660F19DC4F8D00C62A1D /* LikedPost+Helper.m in Sources */,
				66EB662119DC5AF900C62A1D /* LikedPost.m in Sources */,
				665EBBC919D5BA5600B23652 /* Insta.m in Sources */,
				66F032E119EFFDC300E5DF9B /* ImageDownloader.m in Sources */,
				66A28E7B19DB114C0067CD5E /* ModelHelper.m in Sources */,
				66FA06FD19D99C6D0081C68E /* PostCollectionViewCell.m in Sources */,
				66244E5819F9196700B5D54C /* UserProfile.m in Sources */,
				663D2D5D19E6DC5600FF43EE /* ProfileViewController.m in Sources */,
				6617CE7519DAC3C300436573 /* LikeMasterViewController.m in Sources */,
				6620BAA219D4129E0095C9B7 /* AppDelegate.m in Sources */,
				66EB661219DC4FDC00C62A1D /* UserProfile+Helper.m in Sources */,
				66F597B219DEB8D400C305E5 /* LoginViewController.m in Sources */,
				66A28E6A19DB0BEE0067CD5E /* Model.xcdatamodeld in Sources */,
				6620BA9F19D4129E0095C9B7 /* main.m in Sources */,
				6617CE7219DAB8CA00436573 /* ClientController.m in Sources */,
				CC2B60A619E81B0A00F3A5C9 /* MasterViewController.m in Sources */,
			);
			runOnlyForDeploymentPostprocessing = 0;
		};
		6620BAAE19D4129E0095C9B7 /* Sources */ = {
			isa = PBXSourcesBuildPhase;
			buildActionMask = 2147483647;
			files = (
				6620BAB919D4129E0095C9B7 /* GramManagerTests.m in Sources */,
			);
			runOnlyForDeploymentPostprocessing = 0;
		};
/* End PBXSourcesBuildPhase section */

/* Begin PBXTargetDependency section */
		6620BAB419D4129E0095C9B7 /* PBXTargetDependency */ = {
			isa = PBXTargetDependency;
			target = 6620BA9819D4129E0095C9B7 /* GramManager */;
			targetProxy = 6620BAB319D4129E0095C9B7 /* PBXContainerItemProxy */;
		};
/* End PBXTargetDependency section */

/* Begin PBXVariantGroup section */
		6620BAA619D4129E0095C9B7 /* Main.storyboard */ = {
			isa = PBXVariantGroup;
			children = (
				6620BAA719D4129E0095C9B7 /* Base */,
			);
			name = Main.storyboard;
			sourceTree = "<group>";
		};
		6620BAAB19D4129E0095C9B7 /* LaunchScreen.xib */ = {
			isa = PBXVariantGroup;
			children = (
				6620BAAC19D4129E0095C9B7 /* Base */,
			);
			name = LaunchScreen.xib;
			sourceTree = "<group>";
		};
/* End PBXVariantGroup section */

/* Begin XCBuildConfiguration section */
		6620BABA19D4129E0095C9B7 /* Debug */ = {
			isa = XCBuildConfiguration;
			buildSettings = {
				ALWAYS_SEARCH_USER_PATHS = NO;
				CLANG_CXX_LANGUAGE_STANDARD = "gnu++0x";
				CLANG_CXX_LIBRARY = "libc++";
				CLANG_ENABLE_MODULES = YES;
				CLANG_ENABLE_OBJC_ARC = YES;
				CLANG_WARN_BOOL_CONVERSION = YES;
				CLANG_WARN_CONSTANT_CONVERSION = YES;
				CLANG_WARN_DIRECT_OBJC_ISA_USAGE = YES_ERROR;
				CLANG_WARN_EMPTY_BODY = YES;
				CLANG_WARN_ENUM_CONVERSION = YES;
				CLANG_WARN_INT_CONVERSION = YES;
				CLANG_WARN_OBJC_ROOT_CLASS = YES_ERROR;
				CLANG_WARN_UNREACHABLE_CODE = YES;
				CLANG_WARN__DUPLICATE_METHOD_MATCH = YES;
				"CODE_SIGN_IDENTITY[sdk=iphoneos*]" = "iPhone Developer";
				COPY_PHASE_STRIP = NO;
				ENABLE_STRICT_OBJC_MSGSEND = YES;
				GCC_C_LANGUAGE_STANDARD = gnu99;
				GCC_DYNAMIC_NO_PIC = NO;
				GCC_OPTIMIZATION_LEVEL = 0;
				GCC_PREPROCESSOR_DEFINITIONS = (
					"DEBUG=1",
					"$(inherited)",
				);
				GCC_SYMBOLS_PRIVATE_EXTERN = NO;
				GCC_WARN_64_TO_32_BIT_CONVERSION = YES;
				GCC_WARN_ABOUT_RETURN_TYPE = YES_ERROR;
				GCC_WARN_UNDECLARED_SELECTOR = YES;
				GCC_WARN_UNINITIALIZED_AUTOS = YES_AGGRESSIVE;
				GCC_WARN_UNUSED_FUNCTION = YES;
				GCC_WARN_UNUSED_VARIABLE = YES;
				IPHONEOS_DEPLOYMENT_TARGET = 8.0;
				MTL_ENABLE_DEBUG_INFO = YES;
				ONLY_ACTIVE_ARCH = YES;
				SDKROOT = iphoneos;
				TARGETED_DEVICE_FAMILY = "1,2";
			};
			name = Debug;
		};
		6620BABB19D4129E0095C9B7 /* Release */ = {
			isa = XCBuildConfiguration;
			buildSettings = {
				ALWAYS_SEARCH_USER_PATHS = NO;
				CLANG_CXX_LANGUAGE_STANDARD = "gnu++0x";
				CLANG_CXX_LIBRARY = "libc++";
				CLANG_ENABLE_MODULES = YES;
				CLANG_ENABLE_OBJC_ARC = YES;
				CLANG_WARN_BOOL_CONVERSION = YES;
				CLANG_WARN_CONSTANT_CONVERSION = YES;
				CLANG_WARN_DIRECT_OBJC_ISA_USAGE = YES_ERROR;
				CLANG_WARN_EMPTY_BODY = YES;
				CLANG_WARN_ENUM_CONVERSION = YES;
				CLANG_WARN_INT_CONVERSION = YES;
				CLANG_WARN_OBJC_ROOT_CLASS = YES_ERROR;
				CLANG_WARN_UNREACHABLE_CODE = YES;
				CLANG_WARN__DUPLICATE_METHOD_MATCH = YES;
				"CODE_SIGN_IDENTITY[sdk=iphoneos*]" = "iPhone Developer";
				COPY_PHASE_STRIP = YES;
				ENABLE_NS_ASSERTIONS = NO;
				ENABLE_STRICT_OBJC_MSGSEND = YES;
				GCC_C_LANGUAGE_STANDARD = gnu99;
				GCC_WARN_64_TO_32_BIT_CONVERSION = YES;
				GCC_WARN_ABOUT_RETURN_TYPE = YES_ERROR;
				GCC_WARN_UNDECLARED_SELECTOR = YES;
				GCC_WARN_UNINITIALIZED_AUTOS = YES_AGGRESSIVE;
				GCC_WARN_UNUSED_FUNCTION = YES;
				GCC_WARN_UNUSED_VARIABLE = YES;
				IPHONEOS_DEPLOYMENT_TARGET = 8.0;
				MTL_ENABLE_DEBUG_INFO = NO;
				SDKROOT = iphoneos;
				TARGETED_DEVICE_FAMILY = "1,2";
				VALIDATE_PRODUCT = YES;
			};
			name = Release;
		};
		6620BABD19D4129E0095C9B7 /* Debug */ = {
			isa = XCBuildConfiguration;
			buildSettings = {
				ASSETCATALOG_COMPILER_APPICON_NAME = AppIcon;
				CODE_SIGN_IDENTITY = "iPhone Developer";
				INFOPLIST_FILE = GramManager/Info.plist;
				IPHONEOS_DEPLOYMENT_TARGET = 7.1;
				LD_RUNPATH_SEARCH_PATHS = "$(inherited) @executable_path/Frameworks";
				PRODUCT_NAME = awnty;
				TARGETED_DEVICE_FAMILY = "1,2";
			};
			name = Debug;
		};
		6620BABE19D4129E0095C9B7 /* Release */ = {
			isa = XCBuildConfiguration;
			buildSettings = {
				ASSETCATALOG_COMPILER_APPICON_NAME = AppIcon;
				CODE_SIGN_IDENTITY = "iPhone Developer";
				INFOPLIST_FILE = GramManager/Info.plist;
				IPHONEOS_DEPLOYMENT_TARGET = 7.1;
				LD_RUNPATH_SEARCH_PATHS = "$(inherited) @executable_path/Frameworks";
				PRODUCT_NAME = awnty;
				TARGETED_DEVICE_FAMILY = "1,2";
			};
			name = Release;
		};
		6620BAC019D4129E0095C9B7 /* Debug */ = {
			isa = XCBuildConfiguration;
			buildSettings = {
				BUNDLE_LOADER = "$(TEST_HOST)";
				FRAMEWORK_SEARCH_PATHS = (
					"$(SDKROOT)/Developer/Library/Frameworks",
					"$(inherited)",
				);
				GCC_PREPROCESSOR_DEFINITIONS = (
					"DEBUG=1",
					"$(inherited)",
				);
				INFOPLIST_FILE = GramManagerTests/Info.plist;
				LD_RUNPATH_SEARCH_PATHS = "$(inherited) @executable_path/Frameworks @loader_path/Frameworks";
				PRODUCT_NAME = "$(TARGET_NAME)";
				TEST_HOST = "$(BUILT_PRODUCTS_DIR)/GramManager.app/GramManager";
			};
			name = Debug;
		};
		6620BAC119D4129E0095C9B7 /* Release */ = {
			isa = XCBuildConfiguration;
			buildSettings = {
				BUNDLE_LOADER = "$(TEST_HOST)";
				FRAMEWORK_SEARCH_PATHS = (
					"$(SDKROOT)/Developer/Library/Frameworks",
					"$(inherited)",
				);
				INFOPLIST_FILE = GramManagerTests/Info.plist;
				LD_RUNPATH_SEARCH_PATHS = "$(inherited) @executable_path/Frameworks @loader_path/Frameworks";
				PRODUCT_NAME = "$(TARGET_NAME)";
				TEST_HOST = "$(BUILT_PRODUCTS_DIR)/GramManager.app/GramManager";
			};
			name = Release;
		};
/* End XCBuildConfiguration section */

/* Begin XCConfigurationList section */
		6620BA9419D4129E0095C9B7 /* Build configuration list for PBXProject "GramManager" */ = {
			isa = XCConfigurationList;
			buildConfigurations = (
				6620BABA19D4129E0095C9B7 /* Debug */,
				6620BABB19D4129E0095C9B7 /* Release */,
			);
			defaultConfigurationIsVisible = 0;
			defaultConfigurationName = Release;
		};
		6620BABC19D4129E0095C9B7 /* Build configuration list for PBXNativeTarget "GramManager" */ = {
			isa = XCConfigurationList;
			buildConfigurations = (
				6620BABD19D4129E0095C9B7 /* Debug */,
				6620BABE19D4129E0095C9B7 /* Release */,
			);
			defaultConfigurationIsVisible = 0;
			defaultConfigurationName = Release;
		};
		6620BABF19D4129E0095C9B7 /* Build configuration list for PBXNativeTarget "GramManagerTests" */ = {
			isa = XCConfigurationList;
			buildConfigurations = (
				6620BAC019D4129E0095C9B7 /* Debug */,
				6620BAC119D4129E0095C9B7 /* Release */,
			);
			defaultConfigurationIsVisible = 0;
			defaultConfigurationName = Release;
		};
/* End XCConfigurationList section */

/* Begin XCVersionGroup section */
		66A28E6819DB0BEE0067CD5E /* Model.xcdatamodeld */ = {
			isa = XCVersionGroup;
			children = (
				66A28E6919DB0BEE0067CD5E /* Model.xcdatamodel */,
			);
			currentVersion = 66A28E6919DB0BEE0067CD5E /* Model.xcdatamodel */;
			path = Model.xcdatamodeld;
			sourceTree = "<group>";
			versionGroupType = wrapper.xcdatamodel;
		};
/* End XCVersionGroup section */
	};
	rootObject = 6620BA9119D4129E0095C9B7 /* Project object */;
}
